// !$*UTF8*$!
{
	archiveVersion = 1;
	classes = {
	};
	objectVersion = 56;
	objects = {

/* Begin PBXBuildFile section */
		7553F1972B6E7DE000B004B8 /* TipAppApp.swift in Sources */ = {isa = PBXBuildFile; fileRef = 7553F1962B6E7DE000B004B8 /* TipAppApp.swift */; };
		7553F1992B6E7DE000B004B8 /* ContentView.swift in Sources */ = {isa = PBXBuildFile; fileRef = 7553F1982B6E7DE000B004B8 /* ContentView.swift */; };
		7553F19B2B6E7DE100B004B8 /* Assets.xcassets in Resources */ = {isa = PBXBuildFile; fileRef = 7553F19A2B6E7DE100B004B8 /* Assets.xcassets */; };
		7553F19E2B6E7DE100B004B8 /* Preview Assets.xcassets in Resources */ = {isa = PBXBuildFile; fileRef = 7553F19D2B6E7DE100B004B8 /* Preview Assets.xcassets */; };
		7553F1A82B6E7DE100B004B8 /* TipAppTests.swift in Sources */ = {isa = PBXBuildFile; fileRef = 7553F1A72B6E7DE100B004B8 /* TipAppTests.swift */; };
		7553F1B22B6E7DE100B004B8 /* TipAppUITests.swift in Sources */ = {isa = PBXBuildFile; fileRef = 7553F1B12B6E7DE100B004B8 /* TipAppUITests.swift */; };
		7553F1B42B6E7DE100B004B8 /* TipAppUITestsLaunchTests.swift in Sources */ = {isa = PBXBuildFile; fileRef = 7553F1B32B6E7DE100B004B8 /* TipAppUITestsLaunchTests.swift */; };
/* End PBXBuildFile section */

/* Begin PBXContainerItemProxy section */
		7553F1A42B6E7DE100B004B8 /* PBXContainerItemProxy */ = {
			isa = PBXContainerItemProxy;
			containerPortal = 7553F18B2B6E7DE000B004B8 /* Project object */;
			proxyType = 1;
			remoteGlobalIDString = 7553F1922B6E7DE000B004B8;
			remoteInfo = TipApp;
		};
		7553F1AE2B6E7DE100B004B8 /* PBXContainerItemProxy */ = {
			isa = PBXContainerItemProxy;
			containerPortal = 7553F18B2B6E7DE000B004B8 /* Project object */;
			proxyType = 1;
			remoteGlobalIDString = 7553F1922B6E7DE000B004B8;
			remoteInfo = TipApp;
		};
/* End PBXContainerItemProxy section */

/* Begin PBXFileReference section */
		7553F1932B6E7DE000B004B8 /* TipApp.app */ = {isa = PBXFileReference; explicitFileType = wrapper.application; includeInIndex = 0; path = TipApp.app; sourceTree = BUILT_PRODUCTS_DIR; };
		7553F1962B6E7DE000B004B8 /* TipAppApp.swift */ = {isa = PBXFileReference; lastKnownFileType = sourcecode.swift; path = TipAppApp.swift; sourceTree = "<group>"; };
		7553F1982B6E7DE000B004B8 /* ContentView.swift */ = {isa = PBXFileReference; lastKnownFileType = sourcecode.swift; path = ContentView.swift; sourceTree = "<group>"; };
		7553F19A2B6E7DE100B004B8 /* Assets.xcassets */ = {isa = PBXFileReference; lastKnownFileType = folder.assetcatalog; path = Assets.xcassets; sourceTree = "<group>"; };
		7553F19D2B6E7DE100B004B8 /* Preview Assets.xcassets */ = {isa = PBXFileReference; lastKnownFileType = folder.assetcatalog; path = "Preview Assets.xcassets"; sourceTree = "<group>"; };
		7553F1A32B6E7DE100B004B8 /* TipAppTests.xctest */ = {isa = PBXFileReference; explicitFileType = wrapper.cfbundle; includeInIndex = 0; path = TipAppTests.xctest; sourceTree = BUILT_PRODUCTS_DIR; };
		7553F1A72B6E7DE100B004B8 /* TipAppTests.swift */ = {isa = PBXFileReference; lastKnownFileType = sourcecode.swift; path = TipAppTests.swift; sourceTree = "<group>"; };
		7553F1AD2B6E7DE100B004B8 /* TipAppUITests.xctest */ = {isa = PBXFileReference; explicitFileType = wrapper.cfbundle; includeInIndex = 0; path = TipAppUITests.xctest; sourceTree = BUILT_PRODUCTS_DIR; };
		7553F1B12B6E7DE100B004B8 /* TipAppUITests.swift */ = {isa = PBXFileReference; lastKnownFileType = sourcecode.swift; path = TipAppUITests.swift; sourceTree = "<group>"; };
		7553F1B32B6E7DE100B004B8 /* TipAppUITestsLaunchTests.swift */ = {isa = PBXFileReference; lastKnownFileType = sourcecode.swift; path = TipAppUITestsLaunchTests.swift; sourceTree = "<group>"; };
/* End PBXFileReference section */

/* Begin PBXFrameworksBuildPhase section */
		7553F1902B6E7DE000B004B8 /* Frameworks */ = {
			isa = PBXFrameworksBuildPhase;
			buildActionMask = 2147483647;
			files = (
			);
			runOnlyForDeploymentPostprocessing = 0;
		};
		7553F1A02B6E7DE100B004B8 /* Frameworks */ = {
			isa = PBXFrameworksBuildPhase;
			buildActionMask = 2147483647;
			files = (
			);
			runOnlyForDeploymentPostprocessing = 0;
		};
		7553F1AA2B6E7DE100B004B8 /* Frameworks */ = {
			isa = PBXFrameworksBuildPhase;
			buildActionMask = 2147483647;
			files = (
			);
			runOnlyForDeploymentPostprocessing = 0;
		};
/* End PBXFrameworksBuildPhase section */

/* Begin PBXGroup section */
		7553F18A2B6E7DE000B004B8 = {
			isa = PBXGroup;
			children = (
				7553F1952B6E7DE000B004B8 /* TipApp */,
				7553F1A62B6E7DE100B004B8 /* TipAppTests */,
				7553F1B02B6E7DE100B004B8 /* TipAppUITests */,
				7553F1942B6E7DE000B004B8 /* Products */,
			);
			sourceTree = "<group>";
		};
		7553F1942B6E7DE000B004B8 /* Products */ = {
			isa = PBXGroup;
			children = (
				7553F1932B6E7DE000B004B8 /* TipApp.app */,
				7553F1A32B6E7DE100B004B8 /* TipAppTests.xctest */,
				7553F1AD2B6E7DE100B004B8 /* TipAppUITests.xctest */,
			);
			name = Products;
			sourceTree = "<group>";
		};
		7553F1952B6E7DE000B004B8 /* TipApp */ = {
			isa = PBXGroup;
			children = (
				7553F1962B6E7DE000B004B8 /* TipAppApp.swift */,
				7553F1982B6E7DE000B004B8 /* ContentView.swift */,
				7553F19A2B6E7DE100B004B8 /* Assets.xcassets */,
				7553F19C2B6E7DE100B004B8 /* Preview Content */,
			);
			path = TipApp;
			sourceTree = "<group>";
		};
		7553F19C2B6E7DE100B004B8 /* Preview Content */ = {
			isa = PBXGroup;
			children = (
				7553F19D2B6E7DE100B004B8 /* Preview Assets.xcassets */,
			);
			path = "Preview Content";
			sourceTree = "<group>";
		};
		7553F1A62B6E7DE100B004B8 /* TipAppTests */ = {
			isa = PBXGroup;
			children = (
				7553F1A72B6E7DE100B004B8 /* TipAppTests.swift */,
			);
			path = TipAppTests;
			sourceTree = "<group>";
		};
		7553F1B02B6E7DE100B004B8 /* TipAppUITests */ = {
			isa = PBXGroup;
			children = (
				7553F1B12B6E7DE100B004B8 /* TipAppUITests.swift */,
				7553F1B32B6E7DE100B004B8 /* TipAppUITestsLaunchTests.swift */,
			);
			path = TipAppUITests;
			sourceTree = "<group>";
		};
/* End PBXGroup section */

/* Begin PBXNativeTarget section */
		7553F1922B6E7DE000B004B8 /* TipApp */ = {
			isa = PBXNativeTarget;
			buildConfigurationList = 7553F1B72B6E7DE100B004B8 /* Build configuration list for PBXNativeTarget "TipApp" */;
			buildPhases = (
				7553F18F2B6E7DE000B004B8 /* Sources */,
				7553F1902B6E7DE000B004B8 /* Frameworks */,
				7553F1912B6E7DE000B004B8 /* Resources */,
			);
			buildRules = (
			);
			dependencies = (
			);
			name = TipApp;
			productName = TipApp;
			productReference = 7553F1932B6E7DE000B004B8 /* TipApp.app */;
			productType = "com.apple.product-type.application";
		};
		7553F1A22B6E7DE100B004B8 /* TipAppTests */ = {
			isa = PBXNativeTarget;
			buildConfigurationList = 7553F1BA2B6E7DE100B004B8 /* Build configuration list for PBXNativeTarget "TipAppTests" */;
			buildPhases = (
				7553F19F2B6E7DE100B004B8 /* Sources */,
				7553F1A02B6E7DE100B004B8 /* Frameworks */,
				7553F1A12B6E7DE100B004B8 /* Resources */,
			);
			buildRules = (
			);
			dependencies = (
				7553F1A52B6E7DE100B004B8 /* PBXTargetDependency */,
			);
			name = TipAppTests;
			productName = TipAppTests;
			productReference = 7553F1A32B6E7DE100B004B8 /* TipAppTests.xctest */;
			productType = "com.apple.product-type.bundle.unit-test";
		};
		7553F1AC2B6E7DE100B004B8 /* TipAppUITests */ = {
			isa = PBXNativeTarget;
			buildConfigurationList = 7553F1BD2B6E7DE100B004B8 /* Build configuration list for PBXNativeTarget "TipAppUITests" */;
			buildPhases = (
				7553F1A92B6E7DE100B004B8 /* Sources */,
				7553F1AA2B6E7DE100B004B8 /* Frameworks */,
				7553F1AB2B6E7DE100B004B8 /* Resources */,
			);
			buildRules = (
			);
			dependencies = (
				7553F1AF2B6E7DE100B004B8 /* PBXTargetDependency */,
			);
			name = TipAppUITests;
			productName = TipAppUITests;
			productReference = 7553F1AD2B6E7DE100B004B8 /* TipAppUITests.xctest */;
			productType = "com.apple.product-type.bundle.ui-testing";
		};
/* End PBXNativeTarget section */

/* Begin PBXProject section */
		7553F18B2B6E7DE000B004B8 /* Project object */ = {
			isa = PBXProject;
			attributes = {
				BuildIndependentTargetsInParallel = 1;
				LastSwiftUpdateCheck = 1500;
				LastUpgradeCheck = 1500;
				TargetAttributes = {
					7553F1922B6E7DE000B004B8 = {
						CreatedOnToolsVersion = 15.0;
					};
					7553F1A22B6E7DE100B004B8 = {
						CreatedOnToolsVersion = 15.0;
						TestTargetID = 7553F1922B6E7DE000B004B8;
					};
					7553F1AC2B6E7DE100B004B8 = {
						CreatedOnToolsVersion = 15.0;
						TestTargetID = 7553F1922B6E7DE000B004B8;
					};
				};
			};
			buildConfigurationList = 7553F18E2B6E7DE000B004B8 /* Build configuration list for PBXProject "TipApp" */;
			compatibilityVersion = "Xcode 14.0";
			developmentRegion = en;
			hasScannedForEncodings = 0;
			knownRegions = (
				en,
				Base,
			);
			mainGroup = 7553F18A2B6E7DE000B004B8;
			productRefGroup = 7553F1942B6E7DE000B004B8 /* Products */;
			projectDirPath = "";
			projectRoot = "";
			targets = (
				7553F1922B6E7DE000B004B8 /* TipApp */,
				7553F1A22B6E7DE100B004B8 /* TipAppTests */,
				7553F1AC2B6E7DE100B004B8 /* TipAppUITests */,
			);
		};
/* End PBXProject section */

/* Begin PBXResourcesBuildPhase section */
		7553F1912B6E7DE000B004B8 /* Resources */ = {
			isa = PBXResourcesBuildPhase;
			buildActionMask = 2147483647;
			files = (
				7553F19E2B6E7DE100B004B8 /* Preview Assets.xcassets in Resources */,
				7553F19B2B6E7DE100B004B8 /* Assets.xcassets in Resources */,
			);
			runOnlyForDeploymentPostprocessing = 0;
		};
		7553F1A12B6E7DE100B004B8 /* Resources */ = {
			isa = PBXResourcesBuildPhase;
			buildActionMask = 2147483647;
			files = (
			);
			runOnlyForDeploymentPostprocessing = 0;
		};
		7553F1AB2B6E7DE100B004B8 /* Resources */ = {
			isa = PBXResourcesBuildPhase;
			buildActionMask = 2147483647;
			files = (
			);
			runOnlyForDeploymentPostprocessing = 0;
		};
/* End PBXResourcesBuildPhase section */

/* Begin PBXSourcesBuildPhase section */
		7553F18F2B6E7DE000B004B8 /* Sources */ = {
			isa = PBXSourcesBuildPhase;
			buildActionMask = 2147483647;
			files = (
				7553F1992B6E7DE000B004B8 /* ContentView.swift in Sources */,
				7553F1972B6E7DE000B004B8 /* TipAppApp.swift in Sources */,
			);
			runOnlyForDeploymentPostprocessing = 0;
		};
		7553F19F2B6E7DE100B004B8 /* Sources */ = {
			isa = PBXSourcesBuildPhase;
			buildActionMask = 2147483647;
			files = (
				7553F1A82B6E7DE100B004B8 /* TipAppTests.swift in Sources */,
			);
			runOnlyForDeploymentPostprocessing = 0;
		};
		7553F1A92B6E7DE100B004B8 /* Sources */ = {
			isa = PBXSourcesBuildPhase;
			buildActionMask = 2147483647;
			files = (
				7553F1B42B6E7DE100B004B8 /* TipAppUITestsLaunchTests.swift in Sources */,
				7553F1B22B6E7DE100B004B8 /* TipAppUITests.swift in Sources */,
			);
			runOnlyForDeploymentPostprocessing = 0;
		};
/* End PBXSourcesBuildPhase section */

/* Begin PBXTargetDependency section */
		7553F1A52B6E7DE100B004B8 /* PBXTargetDependency */ = {
			isa = PBXTargetDependency;
			target = 7553F1922B6E7DE000B004B8 /* TipApp */;
			targetProxy = 7553F1A42B6E7DE100B004B8 /* PBXContainerItemProxy */;
		};
		7553F1AF2B6E7DE100B004B8 /* PBXTargetDependency */ = {
			isa = PBXTargetDependency;
			target = 7553F1922B6E7DE000B004B8 /* TipApp */;
			targetProxy = 7553F1AE2B6E7DE100B004B8 /* PBXContainerItemProxy */;
		};
/* End PBXTargetDependency section */

/* Begin XCBuildConfiguration section */
		7553F1B52B6E7DE100B004B8 /* Debug */ = {
			isa = XCBuildConfiguration;
			buildSettings = {
				ALWAYS_SEARCH_USER_PATHS = NO;
				ASSETCATALOG_COMPILER_GENERATE_SWIFT_ASSET_SYMBOL_EXTENSIONS = YES;
				CLANG_ANALYZER_NONNULL = YES;
				CLANG_ANALYZER_NUMBER_OBJECT_CONVERSION = YES_AGGRESSIVE;
				CLANG_CXX_LANGUAGE_STANDARD = "gnu++20";
				CLANG_ENABLE_MODULES = YES;
				CLANG_ENABLE_OBJC_ARC = YES;
				CLANG_ENABLE_OBJC_WEAK = YES;
				CLANG_WARN_BLOCK_CAPTURE_AUTORELEASING = YES;
				CLANG_WARN_BOOL_CONVERSION = YES;
				CLANG_WARN_COMMA = YES;
				CLANG_WARN_CONSTANT_CONVERSION = YES;
				CLANG_WARN_DEPRECATED_OBJC_IMPLEMENTATIONS = YES;
				CLANG_WARN_DIRECT_OBJC_ISA_USAGE = YES_ERROR;
				CLANG_WARN_DOCUMENTATION_COMMENTS = YES;
				CLANG_WARN_EMPTY_BODY = YES;
				CLANG_WARN_ENUM_CONVERSION = YES;
				CLANG_WARN_INFINITE_RECURSION = YES;
				CLANG_WARN_INT_CONVERSION = YES;
				CLANG_WARN_NON_LITERAL_NULL_CONVERSION = YES;
				CLANG_WARN_OBJC_IMPLICIT_RETAIN_SELF = YES;
				CLANG_WARN_OBJC_LITERAL_CONVERSION = YES;
				CLANG_WARN_OBJC_ROOT_CLASS = YES_ERROR;
				CLANG_WARN_QUOTED_INCLUDE_IN_FRAMEWORK_HEADER = YES;
				CLANG_WARN_RANGE_LOOP_ANALYSIS = YES;
				CLANG_WARN_STRICT_PROTOTYPES = YES;
				CLANG_WARN_SUSPICIOUS_MOVE = YES;
				CLANG_WARN_UNGUARDED_AVAILABILITY = YES_AGGRESSIVE;
				CLANG_WARN_UNREACHABLE_CODE = YES;
				CLANG_WARN__DUPLICATE_METHOD_MATCH = YES;
				COPY_PHASE_STRIP = NO;
				DEBUG_INFORMATION_FORMAT = dwarf;
				ENABLE_STRICT_OBJC_MSGSEND = YES;
				ENABLE_TESTABILITY = YES;
				ENABLE_USER_SCRIPT_SANDBOXING = YES;
				GCC_C_LANGUAGE_STANDARD = gnu17;
				GCC_DYNAMIC_NO_PIC = NO;
				GCC_NO_COMMON_BLOCKS = YES;
				GCC_OPTIMIZATION_LEVEL = 0;
				GCC_PREPROCESSOR_DEFINITIONS = (
					"DEBUG=1",
					"$(inherited)",
				);
				GCC_WARN_64_TO_32_BIT_CONVERSION = YES;
				GCC_WARN_ABOUT_RETURN_TYPE = YES_ERROR;
				GCC_WARN_UNDECLARED_SELECTOR = YES;
				GCC_WARN_UNINITIALIZED_AUTOS = YES_AGGRESSIVE;
				GCC_WARN_UNUSED_FUNCTION = YES;
				GCC_WARN_UNUSED_VARIABLE = YES;
				IPHONEOS_DEPLOYMENT_TARGET = 17.0;
				LOCALIZATION_PREFERS_STRING_CATALOGS = YES;
				MTL_ENABLE_DEBUG_INFO = INCLUDE_SOURCE;
				MTL_FAST_MATH = YES;
				ONLY_ACTIVE_ARCH = YES;
				SDKROOT = iphoneos;
				SWIFT_ACTIVE_COMPILATION_CONDITIONS = "DEBUG $(inherited)";
				SWIFT_OPTIMIZATION_LEVEL = "-Onone";
			};
			name = Debug;
		};
		7553F1B62B6E7DE100B004B8 /* Release */ = {
			isa = XCBuildConfiguration;
			buildSettings = {
				ALWAYS_SEARCH_USER_PATHS = NO;
				ASSETCATALOG_COMPILER_GENERATE_SWIFT_ASSET_SYMBOL_EXTENSIONS = YES;
				CLANG_ANALYZER_NONNULL = YES;
				CLANG_ANALYZER_NUMBER_OBJECT_CONVERSION = YES_AGGRESSIVE;
				CLANG_CXX_LANGUAGE_STANDARD = "gnu++20";
				CLANG_ENABLE_MODULES = YES;
				CLANG_ENABLE_OBJC_ARC = YES;
				CLANG_ENABLE_OBJC_WEAK = YES;
				CLANG_WARN_BLOCK_CAPTURE_AUTORELEASING = YES;
				CLANG_WARN_BOOL_CONVERSION = YES;
				CLANG_WARN_COMMA = YES;
				CLANG_WARN_CONSTANT_CONVERSION = YES;
				CLANG_WARN_DEPRECATED_OBJC_IMPLEMENTATIONS = YES;
				CLANG_WARN_DIRECT_OBJC_ISA_USAGE = YES_ERROR;
				CLANG_WARN_DOCUMENTATION_COMMENTS = YES;
				CLANG_WARN_EMPTY_BODY = YES;
				CLANG_WARN_ENUM_CONVERSION = YES;
				CLANG_WARN_INFINITE_RECURSION = YES;
				CLANG_WARN_INT_CONVERSION = YES;
				CLANG_WARN_NON_LITERAL_NULL_CONVERSION = YES;
				CLANG_WARN_OBJC_IMPLICIT_RETAIN_SELF = YES;
				CLANG_WARN_OBJC_LITERAL_CONVERSION = YES;
				CLANG_WARN_OBJC_ROOT_CLASS = YES_ERROR;
				CLANG_WARN_QUOTED_INCLUDE_IN_FRAMEWORK_HEADER = YES;
				CLANG_WARN_RANGE_LOOP_ANALYSIS = YES;
				CLANG_WARN_STRICT_PROTOTYPES = YES;
				CLANG_WARN_SUSPICIOUS_MOVE = YES;
				CLANG_WARN_UNGUARDED_AVAILABILITY = YES_AGGRESSIVE;
				CLANG_WARN_UNREACHABLE_CODE = YES;
				CLANG_WARN__DUPLICATE_METHOD_MATCH = YES;
				COPY_PHASE_STRIP = NO;
				DEBUG_INFORMATION_FORMAT = "dwarf-with-dsym";
				ENABLE_NS_ASSERTIONS = NO;
				ENABLE_STRICT_OBJC_MSGSEND = YES;
				ENABLE_USER_SCRIPT_SANDBOXING = YES;
				GCC_C_LANGUAGE_STANDARD = gnu17;
				GCC_NO_COMMON_BLOCKS = YES;
				GCC_WARN_64_TO_32_BIT_CONVERSION = YES;
				GCC_WARN_ABOUT_RETURN_TYPE = YES_ERROR;
				GCC_WARN_UNDECLARED_SELECTOR = YES;
				GCC_WARN_UNINITIALIZED_AUTOS = YES_AGGRESSIVE;
				GCC_WARN_UNUSED_FUNCTION = YES;
				GCC_WARN_UNUSED_VARIABLE = YES;
				IPHONEOS_DEPLOYMENT_TARGET = 17.0;
				LOCALIZATION_PREFERS_STRING_CATALOGS = YES;
				MTL_ENABLE_DEBUG_INFO = NO;
				MTL_FAST_MATH = YES;
				SDKROOT = iphoneos;
				SWIFT_COMPILATION_MODE = wholemodule;
				VALIDATE_PRODUCT = YES;
			};
			name = Release;
		};
		7553F1B82B6E7DE100B004B8 /* Debug */ = {
			isa = XCBuildConfiguration;
			buildSettings = {
				ASSETCATALOG_COMPILER_APPICON_NAME = AppIcon;
				ASSETCATALOG_COMPILER_GLOBAL_ACCENT_COLOR_NAME = AccentColor;
				CODE_SIGN_STYLE = Automatic;
				CURRENT_PROJECT_VERSION = 1;
				DEVELOPMENT_ASSET_PATHS = "\"TipApp/Preview Content\"";
				ENABLE_PREVIEWS = YES;
				GENERATE_INFOPLIST_FILE = YES;
				INFOPLIST_KEY_UIApplicationSceneManifest_Generation = YES;
				INFOPLIST_KEY_UIApplicationSupportsIndirectInputEvents = YES;
				INFOPLIST_KEY_UILaunchScreen_Generation = YES;
				INFOPLIST_KEY_UISupportedInterfaceOrientations_iPad = "UIInterfaceOrientationPortrait UIInterfaceOrientationPortraitUpsideDown UIInterfaceOrientationLandscapeLeft UIInterfaceOrientationLandscapeRight";
				INFOPLIST_KEY_UISupportedInterfaceOrientations_iPhone = "UIInterfaceOrientationPortrait UIInterfaceOrientationLandscapeLeft UIInterfaceOrientationLandscapeRight";
				LD_RUNPATH_SEARCH_PATHS = (
					"$(inherited)",
					"@executable_path/Frameworks",
				);
				MARKETING_VERSION = 1.0;
				PRODUCT_BUNDLE_IDENTIFIER = None.TipApp;
				PRODUCT_NAME = "$(TARGET_NAME)";
				SWIFT_EMIT_LOC_STRINGS = YES;
				SWIFT_VERSION = 5.0;
				TARGETED_DEVICE_FAMILY = "1,2";
			};
			name = Debug;
		};
		7553F1B92B6E7DE100B004B8 /* Release */ = {
			isa = XCBuildConfiguration;
			buildSettings = {
				ASSETCATALOG_COMPILER_APPICON_NAME = AppIcon;
				ASSETCATALOG_COMPILER_GLOBAL_ACCENT_COLOR_NAME = AccentColor;
				CODE_SIGN_STYLE = Automatic;
				CURRENT_PROJECT_VERSION = 1;
				DEVELOPMENT_ASSET_PATHS = "\"TipApp/Preview Content\"";
				ENABLE_PREVIEWS = YES;
				GENERATE_INFOPLIST_FILE = YES;
				INFOPLIST_KEY_UIApplicationSceneManifest_Generation = YES;
				INFOPLIST_KEY_UIApplicationSupportsIndirectInputEvents = YES;
				INFOPLIST_KEY_UILaunchScreen_Generation = YES;
				INFOPLIST_KEY_UISupportedInterfaceOrientations_iPad = "UIInterfaceOrientationPortrait UIInterfaceOrientationPortraitUpsideDown UIInterfaceOrientationLandscapeLeft UIInterfaceOrientationLandscapeRight";
				INFOPLIST_KEY_UISupportedInterfaceOrientations_iPhone = "UIInterfaceOrientationPortrait UIInterfaceOrientationLandscapeLeft UIInterfaceOrientationLandscapeRight";
				LD_RUNPATH_SEARCH_PATHS = (
					"$(inherited)",
					"@executable_path/Frameworks",
				);
				MARKETING_VERSION = 1.0;
				PRODUCT_BUNDLE_IDENTIFIER = None.TipApp;
				PRODUCT_NAME = "$(TARGET_NAME)";
				SWIFT_EMIT_LOC_STRINGS = YES;
				SWIFT_VERSION = 5.0;
				TARGETED_DEVICE_FAMILY = "1,2";
			};
			name = Release;
		};
		7553F1BB2B6E7DE100B004B8 /* Debug */ = {
			isa = XCBuildConfiguration;
			buildSettings = {
				ALWAYS_EMBED_SWIFT_STANDARD_LIBRARIES = YES;
				BUNDLE_LOADER = "$(TEST_HOST)";
				CODE_SIGN_STYLE = Automatic;
				CURRENT_PROJECT_VERSION = 1;
				GENERATE_INFOPLIST_FILE = YES;
				IPHONEOS_DEPLOYMENT_TARGET = 17.0;
				MARKETING_VERSION = 1.0;
				PRODUCT_BUNDLE_IDENTIFIER = None.TipAppTests;
				PRODUCT_NAME = "$(TARGET_NAME)";
				SWIFT_EMIT_LOC_STRINGS = NO;
				SWIFT_VERSION = 5.0;
				TARGETED_DEVICE_FAMILY = "1,2";
				TEST_HOST = "$(BUILT_PRODUCTS_DIR)/TipApp.app/$(BUNDLE_EXECUTABLE_FOLDER_PATH)/TipApp";
			};
			name = Debug;
		};
		7553F1BC2B6E7DE100B004B8 /* Release */ = {
			isa = XCBuildConfiguration;
			buildSettings = {
				ALWAYS_EMBED_SWIFT_STANDARD_LIBRARIES = YES;
				BUNDLE_LOADER = "$(TEST_HOST)";
				CODE_SIGN_STYLE = Automatic;
				CURRENT_PROJECT_VERSION = 1;
				GENERATE_INFOPLIST_FILE = YES;
				IPHONEOS_DEPLOYMENT_TARGET = 17.0;
				MARKETING_VERSION = 1.0;
				PRODUCT_BUNDLE_IDENTIFIER = None.TipAppTests;
				PRODUCT_NAME = "$(TARGET_NAME)";
				SWIFT_EMIT_LOC_STRINGS = NO;
				SWIFT_VERSION = 5.0;
				TARGETED_DEVICE_FAMILY = "1,2";
				TEST_HOST = "$(BUILT_PRODUCTS_DIR)/TipApp.app/$(BUNDLE_EXECUTABLE_FOLDER_PATH)/TipApp";
			};
			name = Release;
		};
		7553F1BE2B6E7DE100B004B8 /* Debug */ = {
			isa = XCBuildConfiguration;
			buildSettings = {
				ALWAYS_EMBED_SWIFT_STANDARD_LIBRARIES = YES;
				CODE_SIGN_STYLE = Automatic;
				CURRENT_PROJECT_VERSION = 1;
				GENERATE_INFOPLIST_FILE = YES;
				MARKETING_VERSION = 1.0;
				PRODUCT_BUNDLE_IDENTIFIER = None.TipAppUITests;
				PRODUCT_NAME = "$(TARGET_NAME)";
				SWIFT_EMIT_LOC_STRINGS = NO;
				SWIFT_VERSION = 5.0;
				TARGETED_DEVICE_FAMILY = "1,2";
				TEST_TARGET_NAME = TipApp;
			};
			name = Debug;
		};
		7553F1BF2B6E7DE100B004B8 /* Release */ = {
			isa = XCBuildConfiguration;
			buildSettings = {
				ALWAYS_EMBED_SWIFT_STANDARD_LIBRARIES = YES;
				CODE_SIGN_STYLE = Automatic;
				CURRENT_PROJECT_VERSION = 1;
				GENERATE_INFOPLIST_FILE = YES;
				MARKETING_VERSION = 1.0;
				PRODUCT_BUNDLE_IDENTIFIER = None.TipAppUITests;
				PRODUCT_NAME = "$(TARGET_NAME)";
				SWIFT_EMIT_LOC_STRINGS = NO;
				SWIFT_VERSION = 5.0;
				TARGETED_DEVICE_FAMILY = "1,2";
				TEST_TARGET_NAME = TipApp;
			};
			name = Release;
		};
/* End XCBuildConfiguration section */

/* Begin XCConfigurationList section */
		7553F18E2B6E7DE000B004B8 /* Build configuration list for PBXProject "TipApp" */ = {
			isa = XCConfigurationList;
			buildConfigurations = (
				7553F1B52B6E7DE100B004B8 /* Debug */,
				7553F1B62B6E7DE100B004B8 /* Release */,
			);
			defaultConfigurationIsVisible = 0;
			defaultConfigurationName = Release;
		};
		7553F1B72B6E7DE100B004B8 /* Build configuration list for PBXNativeTarget "TipApp" */ = {
			isa = XCConfigurationList;
			buildConfigurations = (
				7553F1B82B6E7DE100B004B8 /* Debug */,
				7553F1B92B6E7DE100B004B8 /* Release */,
			);
			defaultConfigurationIsVisible = 0;
			defaultConfigurationName = Release;
		};
		7553F1BA2B6E7DE100B004B8 /* Build configuration list for PBXNativeTarget "TipAppTests" */ = {
			isa = XCConfigurationList;
			buildConfigurations = (
				7553F1BB2B6E7DE100B004B8 /* Debug */,
				7553F1BC2B6E7DE100B004B8 /* Release */,
			);
			defaultConfigurationIsVisible = 0;
			defaultConfigurationName = Release;
		};
		7553F1BD2B6E7DE100B004B8 /* Build configuration list for PBXNativeTarget "TipAppUITests" */ = {
			isa = XCConfigurationList;
			buildConfigurations = (
				7553F1BE2B6E7DE100B004B8 /* Debug */,
				7553F1BF2B6E7DE100B004B8 /* Release */,
			);
			defaultConfigurationIsVisible = 0;
			defaultConfigurationName = Release;
		};
/* End XCConfigurationList section */
	};
	rootObject = 7553F18B2B6E7DE000B004B8 /* Project object */;
}
