// !$*UTF8*$!
{
	archiveVersion = 1;
	classes = {
	};
	objectVersion = 56;
	objects = {

/* Begin PBXBuildFile section */
		7553F0D72B6B7E1600B004B8 /* icaloriesApp.swift in Sources */ = {isa = PBXBuildFile; fileRef = 7553F0D62B6B7E1600B004B8 /* icaloriesApp.swift */; };
		7553F0D92B6B7E1600B004B8 /* ContentView.swift in Sources */ = {isa = PBXBuildFile; fileRef = 7553F0D82B6B7E1600B004B8 /* ContentView.swift */; };
		7553F0DB2B6B7E1700B004B8 /* Assets.xcassets in Resources */ = {isa = PBXBuildFile; fileRef = 7553F0DA2B6B7E1700B004B8 /* Assets.xcassets */; };
		7553F0DE2B6B7E1700B004B8 /* Preview Assets.xcassets in Resources */ = {isa = PBXBuildFile; fileRef = 7553F0DD2B6B7E1700B004B8 /* Preview Assets.xcassets */; };
		7553F0E82B6B7E1700B004B8 /* icaloriesTests.swift in Sources */ = {isa = PBXBuildFile; fileRef = 7553F0E72B6B7E1700B004B8 /* icaloriesTests.swift */; };
		7553F0F22B6B7E1700B004B8 /* icaloriesUITests.swift in Sources */ = {isa = PBXBuildFile; fileRef = 7553F0F12B6B7E1700B004B8 /* icaloriesUITests.swift */; };
		7553F0F42B6B7E1700B004B8 /* icaloriesUITestsLaunchTests.swift in Sources */ = {isa = PBXBuildFile; fileRef = 7553F0F32B6B7E1700B004B8 /* icaloriesUITestsLaunchTests.swift */; };
		7553F1032B6B7EB900B004B8 /* FoodModel.xcdatamodeld in Sources */ = {isa = PBXBuildFile; fileRef = 7553F1012B6B7EB900B004B8 /* FoodModel.xcdatamodeld */; };
		7553F1052B6B910C00B004B8 /* DataController.swift in Sources */ = {isa = PBXBuildFile; fileRef = 7553F1042B6B910C00B004B8 /* DataController.swift */; };
		7553F1092B6B95B100B004B8 /* AddFoodView.swift in Sources */ = {isa = PBXBuildFile; fileRef = 7553F1082B6B95B100B004B8 /* AddFoodView.swift */; };
/* End PBXBuildFile section */

/* Begin PBXContainerItemProxy section */
		7553F0E42B6B7E1700B004B8 /* PBXContainerItemProxy */ = {
			isa = PBXContainerItemProxy;
			containerPortal = 7553F0CB2B6B7E1600B004B8 /* Project object */;
			proxyType = 1;
			remoteGlobalIDString = 7553F0D22B6B7E1600B004B8;
			remoteInfo = icalories;
		};
		7553F0EE2B6B7E1700B004B8 /* PBXContainerItemProxy */ = {
			isa = PBXContainerItemProxy;
			containerPortal = 7553F0CB2B6B7E1600B004B8 /* Project object */;
			proxyType = 1;
			remoteGlobalIDString = 7553F0D22B6B7E1600B004B8;
			remoteInfo = icalories;
		};
/* End PBXContainerItemProxy section */

/* Begin PBXFileReference section */
		7553F0D32B6B7E1600B004B8 /* icalories.app */ = {isa = PBXFileReference; explicitFileType = wrapper.application; includeInIndex = 0; path = icalories.app; sourceTree = BUILT_PRODUCTS_DIR; };
		7553F0D62B6B7E1600B004B8 /* icaloriesApp.swift */ = {isa = PBXFileReference; lastKnownFileType = sourcecode.swift; path = icaloriesApp.swift; sourceTree = "<group>"; };
		7553F0D82B6B7E1600B004B8 /* ContentView.swift */ = {isa = PBXFileReference; lastKnownFileType = sourcecode.swift; path = ContentView.swift; sourceTree = "<group>"; };
		7553F0DA2B6B7E1700B004B8 /* Assets.xcassets */ = {isa = PBXFileReference; lastKnownFileType = folder.assetcatalog; path = Assets.xcassets; sourceTree = "<group>"; };
		7553F0DD2B6B7E1700B004B8 /* Preview Assets.xcassets */ = {isa = PBXFileReference; lastKnownFileType = folder.assetcatalog; path = "Preview Assets.xcassets"; sourceTree = "<group>"; };
		7553F0E32B6B7E1700B004B8 /* icaloriesTests.xctest */ = {isa = PBXFileReference; explicitFileType = wrapper.cfbundle; includeInIndex = 0; path = icaloriesTests.xctest; sourceTree = BUILT_PRODUCTS_DIR; };
		7553F0E72B6B7E1700B004B8 /* icaloriesTests.swift */ = {isa = PBXFileReference; lastKnownFileType = sourcecode.swift; path = icaloriesTests.swift; sourceTree = "<group>"; };
		7553F0ED2B6B7E1700B004B8 /* icaloriesUITests.xctest */ = {isa = PBXFileReference; explicitFileType = wrapper.cfbundle; includeInIndex = 0; path = icaloriesUITests.xctest; sourceTree = BUILT_PRODUCTS_DIR; };
		7553F0F12B6B7E1700B004B8 /* icaloriesUITests.swift */ = {isa = PBXFileReference; lastKnownFileType = sourcecode.swift; path = icaloriesUITests.swift; sourceTree = "<group>"; };
		7553F0F32B6B7E1700B004B8 /* icaloriesUITestsLaunchTests.swift */ = {isa = PBXFileReference; lastKnownFileType = sourcecode.swift; path = icaloriesUITestsLaunchTests.swift; sourceTree = "<group>"; };
		7553F1022B6B7EB900B004B8 /* FoodModel.xcdatamodel */ = {isa = PBXFileReference; lastKnownFileType = wrapper.xcdatamodel; path = FoodModel.xcdatamodel; sourceTree = "<group>"; };
		7553F1042B6B910C00B004B8 /* DataController.swift */ = {isa = PBXFileReference; lastKnownFileType = sourcecode.swift; path = DataController.swift; sourceTree = "<group>"; };
		7553F1082B6B95B100B004B8 /* AddFoodView.swift */ = {isa = PBXFileReference; lastKnownFileType = sourcecode.swift; path = AddFoodView.swift; sourceTree = "<group>"; };
/* End PBXFileReference section */

/* Begin PBXFrameworksBuildPhase section */
		7553F0D02B6B7E1600B004B8 /* Frameworks */ = {
			isa = PBXFrameworksBuildPhase;
			buildActionMask = 2147483647;
			files = (
			);
			runOnlyForDeploymentPostprocessing = 0;
		};
		7553F0E02B6B7E1700B004B8 /* Frameworks */ = {
			isa = PBXFrameworksBuildPhase;
			buildActionMask = 2147483647;
			files = (
			);
			runOnlyForDeploymentPostprocessing = 0;
		};
		7553F0EA2B6B7E1700B004B8 /* Frameworks */ = {
			isa = PBXFrameworksBuildPhase;
			buildActionMask = 2147483647;
			files = (
			);
			runOnlyForDeploymentPostprocessing = 0;
		};
/* End PBXFrameworksBuildPhase section */

/* Begin PBXGroup section */
		7553F0CA2B6B7E1600B004B8 = {
			isa = PBXGroup;
			children = (
				7553F0D52B6B7E1600B004B8 /* icalories */,
				7553F0E62B6B7E1700B004B8 /* icaloriesTests */,
				7553F0F02B6B7E1700B004B8 /* icaloriesUITests */,
				7553F0D42B6B7E1600B004B8 /* Products */,
			);
			sourceTree = "<group>";
		};
		7553F0D42B6B7E1600B004B8 /* Products */ = {
			isa = PBXGroup;
			children = (
				7553F0D32B6B7E1600B004B8 /* icalories.app */,
				7553F0E32B6B7E1700B004B8 /* icaloriesTests.xctest */,
				7553F0ED2B6B7E1700B004B8 /* icaloriesUITests.xctest */,
			);
			name = Products;
			sourceTree = "<group>";
		};
		7553F0D52B6B7E1600B004B8 /* icalories */ = {
			isa = PBXGroup;
			children = (
				7553F0D62B6B7E1600B004B8 /* icaloriesApp.swift */,
				7553F1072B6B957300B004B8 /* Helpers */,
				7553F1062B6B955C00B004B8 /* Views */,
				7553F1002B6B7E7400B004B8 /* DataModel */,
				7553F1012B6B7EB900B004B8 /* FoodModel.xcdatamodeld */,
				7553F0DA2B6B7E1700B004B8 /* Assets.xcassets */,
				7553F0DC2B6B7E1700B004B8 /* Preview Content */,
			);
			path = icalories;
			sourceTree = "<group>";
		};
		7553F0DC2B6B7E1700B004B8 /* Preview Content */ = {
			isa = PBXGroup;
			children = (
				7553F0DD2B6B7E1700B004B8 /* Preview Assets.xcassets */,
			);
			path = "Preview Content";
			sourceTree = "<group>";
		};
		7553F0E62B6B7E1700B004B8 /* icaloriesTests */ = {
			isa = PBXGroup;
			children = (
				7553F0E72B6B7E1700B004B8 /* icaloriesTests.swift */,
			);
			path = icaloriesTests;
			sourceTree = "<group>";
		};
		7553F0F02B6B7E1700B004B8 /* icaloriesUITests */ = {
			isa = PBXGroup;
			children = (
				7553F0F12B6B7E1700B004B8 /* icaloriesUITests.swift */,
				7553F0F32B6B7E1700B004B8 /* icaloriesUITestsLaunchTests.swift */,
			);
			path = icaloriesUITests;
			sourceTree = "<group>";
		};
		7553F1002B6B7E7400B004B8 /* DataModel */ = {
			isa = PBXGroup;
			children = (
				7553F1042B6B910C00B004B8 /* DataController.swift */,
			);
			path = DataModel;
			sourceTree = "<group>";
		};
		7553F1062B6B955C00B004B8 /* Views */ = {
			isa = PBXGroup;
			children = (
				7553F0D82B6B7E1600B004B8 /* ContentView.swift */,
				7553F1082B6B95B100B004B8 /* AddFoodView.swift */,
			);
			path = Views;
			sourceTree = "<group>";
		};
		7553F1072B6B957300B004B8 /* Helpers */ = {
			isa = PBXGroup;
			children = (
			);
			path = Helpers;
			sourceTree = "<group>";
		};
/* End PBXGroup section */

/* Begin PBXNativeTarget section */
		7553F0D22B6B7E1600B004B8 /* icalories */ = {
			isa = PBXNativeTarget;
			buildConfigurationList = 7553F0F72B6B7E1700B004B8 /* Build configuration list for PBXNativeTarget "icalories" */;
			buildPhases = (
				7553F0CF2B6B7E1600B004B8 /* Sources */,
				7553F0D02B6B7E1600B004B8 /* Frameworks */,
				7553F0D12B6B7E1600B004B8 /* Resources */,
			);
			buildRules = (
			);
			dependencies = (
			);
			name = icalories;
			productName = icalories;
			productReference = 7553F0D32B6B7E1600B004B8 /* icalories.app */;
			productType = "com.apple.product-type.application";
		};
		7553F0E22B6B7E1700B004B8 /* icaloriesTests */ = {
			isa = PBXNativeTarget;
			buildConfigurationList = 7553F0FA2B6B7E1700B004B8 /* Build configuration list for PBXNativeTarget "icaloriesTests" */;
			buildPhases = (
				7553F0DF2B6B7E1700B004B8 /* Sources */,
				7553F0E02B6B7E1700B004B8 /* Frameworks */,
				7553F0E12B6B7E1700B004B8 /* Resources */,
			);
			buildRules = (
			);
			dependencies = (
				7553F0E52B6B7E1700B004B8 /* PBXTargetDependency */,
			);
			name = icaloriesTests;
			productName = icaloriesTests;
			productReference = 7553F0E32B6B7E1700B004B8 /* icaloriesTests.xctest */;
			productType = "com.apple.product-type.bundle.unit-test";
		};
		7553F0EC2B6B7E1700B004B8 /* icaloriesUITests */ = {
			isa = PBXNativeTarget;
			buildConfigurationList = 7553F0FD2B6B7E1700B004B8 /* Build configuration list for PBXNativeTarget "icaloriesUITests" */;
			buildPhases = (
				7553F0E92B6B7E1700B004B8 /* Sources */,
				7553F0EA2B6B7E1700B004B8 /* Frameworks */,
				7553F0EB2B6B7E1700B004B8 /* Resources */,
			);
			buildRules = (
			);
			dependencies = (
				7553F0EF2B6B7E1700B004B8 /* PBXTargetDependency */,
			);
			name = icaloriesUITests;
			productName = icaloriesUITests;
			productReference = 7553F0ED2B6B7E1700B004B8 /* icaloriesUITests.xctest */;
			productType = "com.apple.product-type.bundle.ui-testing";
		};
/* End PBXNativeTarget section */

/* Begin PBXProject section */
		7553F0CB2B6B7E1600B004B8 /* Project object */ = {
			isa = PBXProject;
			attributes = {
				BuildIndependentTargetsInParallel = 1;
				LastSwiftUpdateCheck = 1500;
				LastUpgradeCheck = 1500;
				TargetAttributes = {
					7553F0D22B6B7E1600B004B8 = {
						CreatedOnToolsVersion = 15.0;
					};
					7553F0E22B6B7E1700B004B8 = {
						CreatedOnToolsVersion = 15.0;
						TestTargetID = 7553F0D22B6B7E1600B004B8;
					};
					7553F0EC2B6B7E1700B004B8 = {
						CreatedOnToolsVersion = 15.0;
						TestTargetID = 7553F0D22B6B7E1600B004B8;
					};
				};
			};
			buildConfigurationList = 7553F0CE2B6B7E1600B004B8 /* Build configuration list for PBXProject "icalories" */;
			compatibilityVersion = "Xcode 14.0";
			developmentRegion = en;
			hasScannedForEncodings = 0;
			knownRegions = (
				en,
				Base,
			);
			mainGroup = 7553F0CA2B6B7E1600B004B8;
			productRefGroup = 7553F0D42B6B7E1600B004B8 /* Products */;
			projectDirPath = "";
			projectRoot = "";
			targets = (
				7553F0D22B6B7E1600B004B8 /* icalories */,
				7553F0E22B6B7E1700B004B8 /* icaloriesTests */,
				7553F0EC2B6B7E1700B004B8 /* icaloriesUITests */,
			);
		};
/* End PBXProject section */

/* Begin PBXResourcesBuildPhase section */
		7553F0D12B6B7E1600B004B8 /* Resources */ = {
			isa = PBXResourcesBuildPhase;
			buildActionMask = 2147483647;
			files = (
				7553F0DE2B6B7E1700B004B8 /* Preview Assets.xcassets in Resources */,
				7553F0DB2B6B7E1700B004B8 /* Assets.xcassets in Resources */,
			);
			runOnlyForDeploymentPostprocessing = 0;
		};
		7553F0E12B6B7E1700B004B8 /* Resources */ = {
			isa = PBXResourcesBuildPhase;
			buildActionMask = 2147483647;
			files = (
			);
			runOnlyForDeploymentPostprocessing = 0;
		};
		7553F0EB2B6B7E1700B004B8 /* Resources */ = {
			isa = PBXResourcesBuildPhase;
			buildActionMask = 2147483647;
			files = (
			);
			runOnlyForDeploymentPostprocessing = 0;
		};
/* End PBXResourcesBuildPhase section */

/* Begin PBXSourcesBuildPhase section */
		7553F0CF2B6B7E1600B004B8 /* Sources */ = {
			isa = PBXSourcesBuildPhase;
			buildActionMask = 2147483647;
			files = (
				7553F1092B6B95B100B004B8 /* AddFoodView.swift in Sources */,
				7553F0D92B6B7E1600B004B8 /* ContentView.swift in Sources */,
				7553F1052B6B910C00B004B8 /* DataController.swift in Sources */,
				7553F0D72B6B7E1600B004B8 /* icaloriesApp.swift in Sources */,
				7553F1032B6B7EB900B004B8 /* FoodModel.xcdatamodeld in Sources */,
			);
			runOnlyForDeploymentPostprocessing = 0;
		};
		7553F0DF2B6B7E1700B004B8 /* Sources */ = {
			isa = PBXSourcesBuildPhase;
			buildActionMask = 2147483647;
			files = (
				7553F0E82B6B7E1700B004B8 /* icaloriesTests.swift in Sources */,
			);
			runOnlyForDeploymentPostprocessing = 0;
		};
		7553F0E92B6B7E1700B004B8 /* Sources */ = {
			isa = PBXSourcesBuildPhase;
			buildActionMask = 2147483647;
			files = (
				7553F0F42B6B7E1700B004B8 /* icaloriesUITestsLaunchTests.swift in Sources */,
				7553F0F22B6B7E1700B004B8 /* icaloriesUITests.swift in Sources */,
			);
			runOnlyForDeploymentPostprocessing = 0;
		};
/* End PBXSourcesBuildPhase section */

/* Begin PBXTargetDependency section */
		7553F0E52B6B7E1700B004B8 /* PBXTargetDependency */ = {
			isa = PBXTargetDependency;
			target = 7553F0D22B6B7E1600B004B8 /* icalories */;
			targetProxy = 7553F0E42B6B7E1700B004B8 /* PBXContainerItemProxy */;
		};
		7553F0EF2B6B7E1700B004B8 /* PBXTargetDependency */ = {
			isa = PBXTargetDependency;
			target = 7553F0D22B6B7E1600B004B8 /* icalories */;
			targetProxy = 7553F0EE2B6B7E1700B004B8 /* PBXContainerItemProxy */;
		};
/* End PBXTargetDependency section */

/* Begin XCBuildConfiguration section */
		7553F0F52B6B7E1700B004B8 /* Debug */ = {
			isa = XCBuildConfiguration;
			buildSettings = {
				ALWAYS_SEARCH_USER_PATHS = NO;
				ASSETCATALOG_COMPILER_GENERATE_SWIFT_ASSET_SYMBOL_EXTENSIONS = YES;
				CLANG_ANALYZER_NONNULL = YES;
				CLANG_ANALYZER_NUMBER_OBJECT_CONVERSION = YES_AGGRESSIVE;
				CLANG_CXX_LANGUAGE_STANDARD = "gnu++20";
				CLANG_ENABLE_MODULES = YES;
				CLANG_ENABLE_OBJC_ARC = YES;
				CLANG_ENABLE_OBJC_WEAK = YES;
				CLANG_WARN_BLOCK_CAPTURE_AUTORELEASING = YES;
				CLANG_WARN_BOOL_CONVERSION = YES;
				CLANG_WARN_COMMA = YES;
				CLANG_WARN_CONSTANT_CONVERSION = YES;
				CLANG_WARN_DEPRECATED_OBJC_IMPLEMENTATIONS = YES;
				CLANG_WARN_DIRECT_OBJC_ISA_USAGE = YES_ERROR;
				CLANG_WARN_DOCUMENTATION_COMMENTS = YES;
				CLANG_WARN_EMPTY_BODY = YES;
				CLANG_WARN_ENUM_CONVERSION = YES;
				CLANG_WARN_INFINITE_RECURSION = YES;
				CLANG_WARN_INT_CONVERSION = YES;
				CLANG_WARN_NON_LITERAL_NULL_CONVERSION = YES;
				CLANG_WARN_OBJC_IMPLICIT_RETAIN_SELF = YES;
				CLANG_WARN_OBJC_LITERAL_CONVERSION = YES;
				CLANG_WARN_OBJC_ROOT_CLASS = YES_ERROR;
				CLANG_WARN_QUOTED_INCLUDE_IN_FRAMEWORK_HEADER = YES;
				CLANG_WARN_RANGE_LOOP_ANALYSIS = YES;
				CLANG_WARN_STRICT_PROTOTYPES = YES;
				CLANG_WARN_SUSPICIOUS_MOVE = YES;
				CLANG_WARN_UNGUARDED_AVAILABILITY = YES_AGGRESSIVE;
				CLANG_WARN_UNREACHABLE_CODE = YES;
				CLANG_WARN__DUPLICATE_METHOD_MATCH = YES;
				COPY_PHASE_STRIP = NO;
				DEBUG_INFORMATION_FORMAT = dwarf;
				ENABLE_STRICT_OBJC_MSGSEND = YES;
				ENABLE_TESTABILITY = YES;
				ENABLE_USER_SCRIPT_SANDBOXING = YES;
				GCC_C_LANGUAGE_STANDARD = gnu17;
				GCC_DYNAMIC_NO_PIC = NO;
				GCC_NO_COMMON_BLOCKS = YES;
				GCC_OPTIMIZATION_LEVEL = 0;
				GCC_PREPROCESSOR_DEFINITIONS = (
					"DEBUG=1",
					"$(inherited)",
				);
				GCC_WARN_64_TO_32_BIT_CONVERSION = YES;
				GCC_WARN_ABOUT_RETURN_TYPE = YES_ERROR;
				GCC_WARN_UNDECLARED_SELECTOR = YES;
				GCC_WARN_UNINITIALIZED_AUTOS = YES_AGGRESSIVE;
				GCC_WARN_UNUSED_FUNCTION = YES;
				GCC_WARN_UNUSED_VARIABLE = YES;
				IPHONEOS_DEPLOYMENT_TARGET = 17.0;
				LOCALIZATION_PREFERS_STRING_CATALOGS = YES;
				MTL_ENABLE_DEBUG_INFO = INCLUDE_SOURCE;
				MTL_FAST_MATH = YES;
				ONLY_ACTIVE_ARCH = YES;
				SDKROOT = iphoneos;
				SWIFT_ACTIVE_COMPILATION_CONDITIONS = "DEBUG $(inherited)";
				SWIFT_OPTIMIZATION_LEVEL = "-Onone";
			};
			name = Debug;
		};
		7553F0F62B6B7E1700B004B8 /* Release */ = {
			isa = XCBuildConfiguration;
			buildSettings = {
				ALWAYS_SEARCH_USER_PATHS = NO;
				ASSETCATALOG_COMPILER_GENERATE_SWIFT_ASSET_SYMBOL_EXTENSIONS = YES;
				CLANG_ANALYZER_NONNULL = YES;
				CLANG_ANALYZER_NUMBER_OBJECT_CONVERSION = YES_AGGRESSIVE;
				CLANG_CXX_LANGUAGE_STANDARD = "gnu++20";
				CLANG_ENABLE_MODULES = YES;
				CLANG_ENABLE_OBJC_ARC = YES;
				CLANG_ENABLE_OBJC_WEAK = YES;
				CLANG_WARN_BLOCK_CAPTURE_AUTORELEASING = YES;
				CLANG_WARN_BOOL_CONVERSION = YES;
				CLANG_WARN_COMMA = YES;
				CLANG_WARN_CONSTANT_CONVERSION = YES;
				CLANG_WARN_DEPRECATED_OBJC_IMPLEMENTATIONS = YES;
				CLANG_WARN_DIRECT_OBJC_ISA_USAGE = YES_ERROR;
				CLANG_WARN_DOCUMENTATION_COMMENTS = YES;
				CLANG_WARN_EMPTY_BODY = YES;
				CLANG_WARN_ENUM_CONVERSION = YES;
				CLANG_WARN_INFINITE_RECURSION = YES;
				CLANG_WARN_INT_CONVERSION = YES;
				CLANG_WARN_NON_LITERAL_NULL_CONVERSION = YES;
				CLANG_WARN_OBJC_IMPLICIT_RETAIN_SELF = YES;
				CLANG_WARN_OBJC_LITERAL_CONVERSION = YES;
				CLANG_WARN_OBJC_ROOT_CLASS = YES_ERROR;
				CLANG_WARN_QUOTED_INCLUDE_IN_FRAMEWORK_HEADER = YES;
				CLANG_WARN_RANGE_LOOP_ANALYSIS = YES;
				CLANG_WARN_STRICT_PROTOTYPES = YES;
				CLANG_WARN_SUSPICIOUS_MOVE = YES;
				CLANG_WARN_UNGUARDED_AVAILABILITY = YES_AGGRESSIVE;
				CLANG_WARN_UNREACHABLE_CODE = YES;
				CLANG_WARN__DUPLICATE_METHOD_MATCH = YES;
				COPY_PHASE_STRIP = NO;
				DEBUG_INFORMATION_FORMAT = "dwarf-with-dsym";
				ENABLE_NS_ASSERTIONS = NO;
				ENABLE_STRICT_OBJC_MSGSEND = YES;
				ENABLE_USER_SCRIPT_SANDBOXING = YES;
				GCC_C_LANGUAGE_STANDARD = gnu17;
				GCC_NO_COMMON_BLOCKS = YES;
				GCC_WARN_64_TO_32_BIT_CONVERSION = YES;
				GCC_WARN_ABOUT_RETURN_TYPE = YES_ERROR;
				GCC_WARN_UNDECLARED_SELECTOR = YES;
				GCC_WARN_UNINITIALIZED_AUTOS = YES_AGGRESSIVE;
				GCC_WARN_UNUSED_FUNCTION = YES;
				GCC_WARN_UNUSED_VARIABLE = YES;
				IPHONEOS_DEPLOYMENT_TARGET = 17.0;
				LOCALIZATION_PREFERS_STRING_CATALOGS = YES;
				MTL_ENABLE_DEBUG_INFO = NO;
				MTL_FAST_MATH = YES;
				SDKROOT = iphoneos;
				SWIFT_COMPILATION_MODE = wholemodule;
				VALIDATE_PRODUCT = YES;
			};
			name = Release;
		};
		7553F0F82B6B7E1700B004B8 /* Debug */ = {
			isa = XCBuildConfiguration;
			buildSettings = {
				ASSETCATALOG_COMPILER_APPICON_NAME = AppIcon;
				ASSETCATALOG_COMPILER_GLOBAL_ACCENT_COLOR_NAME = AccentColor;
				CODE_SIGN_STYLE = Automatic;
				CURRENT_PROJECT_VERSION = 1;
				DEVELOPMENT_ASSET_PATHS = "\"icalories/Preview Content\"";
				ENABLE_PREVIEWS = YES;
				GENERATE_INFOPLIST_FILE = YES;
				INFOPLIST_KEY_UIApplicationSceneManifest_Generation = YES;
				INFOPLIST_KEY_UIApplicationSupportsIndirectInputEvents = YES;
				INFOPLIST_KEY_UILaunchScreen_Generation = YES;
				INFOPLIST_KEY_UISupportedInterfaceOrientations_iPad = "UIInterfaceOrientationPortrait UIInterfaceOrientationPortraitUpsideDown UIInterfaceOrientationLandscapeLeft UIInterfaceOrientationLandscapeRight";
				INFOPLIST_KEY_UISupportedInterfaceOrientations_iPhone = "UIInterfaceOrientationPortrait UIInterfaceOrientationLandscapeLeft UIInterfaceOrientationLandscapeRight";
				LD_RUNPATH_SEARCH_PATHS = (
					"$(inherited)",
					"@executable_path/Frameworks",
				);
				MARKETING_VERSION = 1.0;
				PRODUCT_BUNDLE_IDENTIFIER = None.icalories;
				PRODUCT_NAME = "$(TARGET_NAME)";
				SWIFT_EMIT_LOC_STRINGS = YES;
				SWIFT_VERSION = 5.0;
				TARGETED_DEVICE_FAMILY = "1,2";
			};
			name = Debug;
		};
		7553F0F92B6B7E1700B004B8 /* Release */ = {
			isa = XCBuildConfiguration;
			buildSettings = {
				ASSETCATALOG_COMPILER_APPICON_NAME = AppIcon;
				ASSETCATALOG_COMPILER_GLOBAL_ACCENT_COLOR_NAME = AccentColor;
				CODE_SIGN_STYLE = Automatic;
				CURRENT_PROJECT_VERSION = 1;
				DEVELOPMENT_ASSET_PATHS = "\"icalories/Preview Content\"";
				ENABLE_PREVIEWS = YES;
				GENERATE_INFOPLIST_FILE = YES;
				INFOPLIST_KEY_UIApplicationSceneManifest_Generation = YES;
				INFOPLIST_KEY_UIApplicationSupportsIndirectInputEvents = YES;
				INFOPLIST_KEY_UILaunchScreen_Generation = YES;
				INFOPLIST_KEY_UISupportedInterfaceOrientations_iPad = "UIInterfaceOrientationPortrait UIInterfaceOrientationPortraitUpsideDown UIInterfaceOrientationLandscapeLeft UIInterfaceOrientationLandscapeRight";
				INFOPLIST_KEY_UISupportedInterfaceOrientations_iPhone = "UIInterfaceOrientationPortrait UIInterfaceOrientationLandscapeLeft UIInterfaceOrientationLandscapeRight";
				LD_RUNPATH_SEARCH_PATHS = (
					"$(inherited)",
					"@executable_path/Frameworks",
				);
				MARKETING_VERSION = 1.0;
				PRODUCT_BUNDLE_IDENTIFIER = None.icalories;
				PRODUCT_NAME = "$(TARGET_NAME)";
				SWIFT_EMIT_LOC_STRINGS = YES;
				SWIFT_VERSION = 5.0;
				TARGETED_DEVICE_FAMILY = "1,2";
			};
			name = Release;
		};
		7553F0FB2B6B7E1700B004B8 /* Debug */ = {
			isa = XCBuildConfiguration;
			buildSettings = {
				ALWAYS_EMBED_SWIFT_STANDARD_LIBRARIES = YES;
				BUNDLE_LOADER = "$(TEST_HOST)";
				CODE_SIGN_STYLE = Automatic;
				CURRENT_PROJECT_VERSION = 1;
				GENERATE_INFOPLIST_FILE = YES;
				IPHONEOS_DEPLOYMENT_TARGET = 17.0;
				MARKETING_VERSION = 1.0;
				PRODUCT_BUNDLE_IDENTIFIER = None.icaloriesTests;
				PRODUCT_NAME = "$(TARGET_NAME)";
				SWIFT_EMIT_LOC_STRINGS = NO;
				SWIFT_VERSION = 5.0;
				TARGETED_DEVICE_FAMILY = "1,2";
				TEST_HOST = "$(BUILT_PRODUCTS_DIR)/icalories.app/$(BUNDLE_EXECUTABLE_FOLDER_PATH)/icalories";
			};
			name = Debug;
		};
		7553F0FC2B6B7E1700B004B8 /* Release */ = {
			isa = XCBuildConfiguration;
			buildSettings = {
				ALWAYS_EMBED_SWIFT_STANDARD_LIBRARIES = YES;
				BUNDLE_LOADER = "$(TEST_HOST)";
				CODE_SIGN_STYLE = Automatic;
				CURRENT_PROJECT_VERSION = 1;
				GENERATE_INFOPLIST_FILE = YES;
				IPHONEOS_DEPLOYMENT_TARGET = 17.0;
				MARKETING_VERSION = 1.0;
				PRODUCT_BUNDLE_IDENTIFIER = None.icaloriesTests;
				PRODUCT_NAME = "$(TARGET_NAME)";
				SWIFT_EMIT_LOC_STRINGS = NO;
				SWIFT_VERSION = 5.0;
				TARGETED_DEVICE_FAMILY = "1,2";
				TEST_HOST = "$(BUILT_PRODUCTS_DIR)/icalories.app/$(BUNDLE_EXECUTABLE_FOLDER_PATH)/icalories";
			};
			name = Release;
		};
		7553F0FE2B6B7E1700B004B8 /* Debug */ = {
			isa = XCBuildConfiguration;
			buildSettings = {
				ALWAYS_EMBED_SWIFT_STANDARD_LIBRARIES = YES;
				CODE_SIGN_STYLE = Automatic;
				CURRENT_PROJECT_VERSION = 1;
				GENERATE_INFOPLIST_FILE = YES;
				MARKETING_VERSION = 1.0;
				PRODUCT_BUNDLE_IDENTIFIER = None.icaloriesUITests;
				PRODUCT_NAME = "$(TARGET_NAME)";
				SWIFT_EMIT_LOC_STRINGS = NO;
				SWIFT_VERSION = 5.0;
				TARGETED_DEVICE_FAMILY = "1,2";
				TEST_TARGET_NAME = icalories;
			};
			name = Debug;
		};
		7553F0FF2B6B7E1700B004B8 /* Release */ = {
			isa = XCBuildConfiguration;
			buildSettings = {
				ALWAYS_EMBED_SWIFT_STANDARD_LIBRARIES = YES;
				CODE_SIGN_STYLE = Automatic;
				CURRENT_PROJECT_VERSION = 1;
				GENERATE_INFOPLIST_FILE = YES;
				MARKETING_VERSION = 1.0;
				PRODUCT_BUNDLE_IDENTIFIER = None.icaloriesUITests;
				PRODUCT_NAME = "$(TARGET_NAME)";
				SWIFT_EMIT_LOC_STRINGS = NO;
				SWIFT_VERSION = 5.0;
				TARGETED_DEVICE_FAMILY = "1,2";
				TEST_TARGET_NAME = icalories;
			};
			name = Release;
		};
/* End XCBuildConfiguration section */

/* Begin XCConfigurationList section */
		7553F0CE2B6B7E1600B004B8 /* Build configuration list for PBXProject "icalories" */ = {
			isa = XCConfigurationList;
			buildConfigurations = (
				7553F0F52B6B7E1700B004B8 /* Debug */,
				7553F0F62B6B7E1700B004B8 /* Release */,
			);
			defaultConfigurationIsVisible = 0;
			defaultConfigurationName = Release;
		};
		7553F0F72B6B7E1700B004B8 /* Build configuration list for PBXNativeTarget "icalories" */ = {
			isa = XCConfigurationList;
			buildConfigurations = (
				7553F0F82B6B7E1700B004B8 /* Debug */,
				7553F0F92B6B7E1700B004B8 /* Release */,
			);
			defaultConfigurationIsVisible = 0;
			defaultConfigurationName = Release;
		};
		7553F0FA2B6B7E1700B004B8 /* Build configuration list for PBXNativeTarget "icaloriesTests" */ = {
			isa = XCConfigurationList;
			buildConfigurations = (
				7553F0FB2B6B7E1700B004B8 /* Debug */,
				7553F0FC2B6B7E1700B004B8 /* Release */,
			);
			defaultConfigurationIsVisible = 0;
			defaultConfigurationName = Release;
		};
		7553F0FD2B6B7E1700B004B8 /* Build configuration list for PBXNativeTarget "icaloriesUITests" */ = {
			isa = XCConfigurationList;
			buildConfigurations = (
				7553F0FE2B6B7E1700B004B8 /* Debug */,
				7553F0FF2B6B7E1700B004B8 /* Release */,
			);
			defaultConfigurationIsVisible = 0;
			defaultConfigurationName = Release;
		};
/* End XCConfigurationList section */

/* Begin XCVersionGroup section */
		7553F1012B6B7EB900B004B8 /* FoodModel.xcdatamodeld */ = {
			isa = XCVersionGroup;
			children = (
				7553F1022B6B7EB900B004B8 /* FoodModel.xcdatamodel */,
			);
			currentVersion = 7553F1022B6B7EB900B004B8 /* FoodModel.xcdatamodel */;
			path = FoodModel.xcdatamodeld;
			sourceTree = "<group>";
			versionGroupType = wrapper.xcdatamodel;
		};
/* End XCVersionGroup section */
	};
	rootObject = 7553F0CB2B6B7E1600B004B8 /* Project object */;
}
