// !$*UTF8*$!
{
	archiveVersion = 1;
	classes = {
	};
	objectVersion = 56;
	objects = {

/* Begin PBXBuildFile section */
		753B8F792B6C92170010B985 /* ChoreModel.xcdatamodeld in Sources */ = {isa = PBXBuildFile; fileRef = 753B8F772B6C92170010B985 /* ChoreModel.xcdatamodeld */; };
		753B8F7B2B6C92EC0010B985 /* DataController.swift in Sources */ = {isa = PBXBuildFile; fileRef = 753B8F7A2B6C92EC0010B985 /* DataController.swift */; };
		753B8F7D2B6C97560010B985 /* AddChoreDetails.swift in Sources */ = {isa = PBXBuildFile; fileRef = 753B8F7C2B6C97560010B985 /* AddChoreDetails.swift */; };
		7553EFB72B66422F00B004B8 /* ChoresApp.swift in Sources */ = {isa = PBXBuildFile; fileRef = 7553EFB62B66422F00B004B8 /* ChoresApp.swift */; };
		7553EFB92B66422F00B004B8 /* ContentView.swift in Sources */ = {isa = PBXBuildFile; fileRef = 7553EFB82B66422F00B004B8 /* ContentView.swift */; };
		7553EFBB2B66423000B004B8 /* Assets.xcassets in Resources */ = {isa = PBXBuildFile; fileRef = 7553EFBA2B66423000B004B8 /* Assets.xcassets */; };
		7553EFBE2B66423000B004B8 /* Preview Assets.xcassets in Resources */ = {isa = PBXBuildFile; fileRef = 7553EFBD2B66423000B004B8 /* Preview Assets.xcassets */; };
		7553EFC82B66423000B004B8 /* ChoresTests.swift in Sources */ = {isa = PBXBuildFile; fileRef = 7553EFC72B66423000B004B8 /* ChoresTests.swift */; };
		7553EFD22B66423000B004B8 /* ChoresUITests.swift in Sources */ = {isa = PBXBuildFile; fileRef = 7553EFD12B66423000B004B8 /* ChoresUITests.swift */; };
		7553EFD42B66423000B004B8 /* ChoresUITestsLaunchTests.swift in Sources */ = {isa = PBXBuildFile; fileRef = 7553EFD32B66423000B004B8 /* ChoresUITestsLaunchTests.swift */; };
		756EA31C2B67B18E0078BD49 /* ShowChoreDetail.swift in Sources */ = {isa = PBXBuildFile; fileRef = 756EA31B2B67B18E0078BD49 /* ShowChoreDetail.swift */; };
		756EA31E2B67B1D10078BD49 /* DisplayDate.swift in Sources */ = {isa = PBXBuildFile; fileRef = 756EA31D2B67B1D10078BD49 /* DisplayDate.swift */; };
		756EA3222B67B2800078BD49 /* Header.swift in Sources */ = {isa = PBXBuildFile; fileRef = 756EA3212B67B2800078BD49 /* Header.swift */; };
		756EA3242B67B2D80078BD49 /* AddChoreButton.swift in Sources */ = {isa = PBXBuildFile; fileRef = 756EA3232B67B2D80078BD49 /* AddChoreButton.swift */; };
/* End PBXBuildFile section */

/* Begin PBXContainerItemProxy section */
		7553EFC42B66423000B004B8 /* PBXContainerItemProxy */ = {
			isa = PBXContainerItemProxy;
			containerPortal = 7553EFAB2B66422F00B004B8 /* Project object */;
			proxyType = 1;
			remoteGlobalIDString = 7553EFB22B66422F00B004B8;
			remoteInfo = Chores;
		};
		7553EFCE2B66423000B004B8 /* PBXContainerItemProxy */ = {
			isa = PBXContainerItemProxy;
			containerPortal = 7553EFAB2B66422F00B004B8 /* Project object */;
			proxyType = 1;
			remoteGlobalIDString = 7553EFB22B66422F00B004B8;
			remoteInfo = Chores;
		};
/* End PBXContainerItemProxy section */

/* Begin PBXFileReference section */
		753B8F782B6C92170010B985 /* ChoreModel.xcdatamodel */ = {isa = PBXFileReference; lastKnownFileType = wrapper.xcdatamodel; path = ChoreModel.xcdatamodel; sourceTree = "<group>"; };
		753B8F7A2B6C92EC0010B985 /* DataController.swift */ = {isa = PBXFileReference; lastKnownFileType = sourcecode.swift; path = DataController.swift; sourceTree = "<group>"; };
		753B8F7C2B6C97560010B985 /* AddChoreDetails.swift */ = {isa = PBXFileReference; lastKnownFileType = sourcecode.swift; path = AddChoreDetails.swift; sourceTree = "<group>"; };
		7553EFB32B66422F00B004B8 /* Chores.app */ = {isa = PBXFileReference; explicitFileType = wrapper.application; includeInIndex = 0; path = Chores.app; sourceTree = BUILT_PRODUCTS_DIR; };
		7553EFB62B66422F00B004B8 /* ChoresApp.swift */ = {isa = PBXFileReference; lastKnownFileType = sourcecode.swift; path = ChoresApp.swift; sourceTree = "<group>"; };
		7553EFB82B66422F00B004B8 /* ContentView.swift */ = {isa = PBXFileReference; lastKnownFileType = sourcecode.swift; path = ContentView.swift; sourceTree = "<group>"; };
		7553EFBA2B66423000B004B8 /* Assets.xcassets */ = {isa = PBXFileReference; lastKnownFileType = folder.assetcatalog; path = Assets.xcassets; sourceTree = "<group>"; };
		7553EFBD2B66423000B004B8 /* Preview Assets.xcassets */ = {isa = PBXFileReference; lastKnownFileType = folder.assetcatalog; path = "Preview Assets.xcassets"; sourceTree = "<group>"; };
		7553EFC32B66423000B004B8 /* ChoresTests.xctest */ = {isa = PBXFileReference; explicitFileType = wrapper.cfbundle; includeInIndex = 0; path = ChoresTests.xctest; sourceTree = BUILT_PRODUCTS_DIR; };
		7553EFC72B66423000B004B8 /* ChoresTests.swift */ = {isa = PBXFileReference; lastKnownFileType = sourcecode.swift; path = ChoresTests.swift; sourceTree = "<group>"; };
		7553EFCD2B66423000B004B8 /* ChoresUITests.xctest */ = {isa = PBXFileReference; explicitFileType = wrapper.cfbundle; includeInIndex = 0; path = ChoresUITests.xctest; sourceTree = BUILT_PRODUCTS_DIR; };
		7553EFD12B66423000B004B8 /* ChoresUITests.swift */ = {isa = PBXFileReference; lastKnownFileType = sourcecode.swift; path = ChoresUITests.swift; sourceTree = "<group>"; };
		7553EFD32B66423000B004B8 /* ChoresUITestsLaunchTests.swift */ = {isa = PBXFileReference; lastKnownFileType = sourcecode.swift; path = ChoresUITestsLaunchTests.swift; sourceTree = "<group>"; };
		756EA31B2B67B18E0078BD49 /* ShowChoreDetail.swift */ = {isa = PBXFileReference; lastKnownFileType = sourcecode.swift; path = ShowChoreDetail.swift; sourceTree = "<group>"; };
		756EA31D2B67B1D10078BD49 /* DisplayDate.swift */ = {isa = PBXFileReference; lastKnownFileType = sourcecode.swift; path = DisplayDate.swift; sourceTree = "<group>"; };
		756EA3212B67B2800078BD49 /* Header.swift */ = {isa = PBXFileReference; lastKnownFileType = sourcecode.swift; path = Header.swift; sourceTree = "<group>"; };
		756EA3232B67B2D80078BD49 /* AddChoreButton.swift */ = {isa = PBXFileReference; lastKnownFileType = sourcecode.swift; path = AddChoreButton.swift; sourceTree = "<group>"; };
/* End PBXFileReference section */

/* Begin PBXFrameworksBuildPhase section */
		7553EFB02B66422F00B004B8 /* Frameworks */ = {
			isa = PBXFrameworksBuildPhase;
			buildActionMask = 2147483647;
			files = (
			);
			runOnlyForDeploymentPostprocessing = 0;
		};
		7553EFC02B66423000B004B8 /* Frameworks */ = {
			isa = PBXFrameworksBuildPhase;
			buildActionMask = 2147483647;
			files = (
			);
			runOnlyForDeploymentPostprocessing = 0;
		};
		7553EFCA2B66423000B004B8 /* Frameworks */ = {
			isa = PBXFrameworksBuildPhase;
			buildActionMask = 2147483647;
			files = (
			);
			runOnlyForDeploymentPostprocessing = 0;
		};
/* End PBXFrameworksBuildPhase section */

/* Begin PBXGroup section */
		7553EFAA2B66422F00B004B8 = {
			isa = PBXGroup;
			children = (
				7553EFB52B66422F00B004B8 /* Chores */,
				7553EFC62B66423000B004B8 /* ChoresTests */,
				7553EFD02B66423000B004B8 /* ChoresUITests */,
				7553EFB42B66422F00B004B8 /* Products */,
			);
			sourceTree = "<group>";
		};
		7553EFB42B66422F00B004B8 /* Products */ = {
			isa = PBXGroup;
			children = (
				7553EFB32B66422F00B004B8 /* Chores.app */,
				7553EFC32B66423000B004B8 /* ChoresTests.xctest */,
				7553EFCD2B66423000B004B8 /* ChoresUITests.xctest */,
			);
			name = Products;
			sourceTree = "<group>";
		};
		7553EFB52B66422F00B004B8 /* Chores */ = {
			isa = PBXGroup;
			children = (
				7553EFB62B66422F00B004B8 /* ChoresApp.swift */,
				7553EFB82B66422F00B004B8 /* ContentView.swift */,
				753B8F7A2B6C92EC0010B985 /* DataController.swift */,
				756EA31D2B67B1D10078BD49 /* DisplayDate.swift */,
				756EA3212B67B2800078BD49 /* Header.swift */,
				753B8F7C2B6C97560010B985 /* AddChoreDetails.swift */,
				756EA31B2B67B18E0078BD49 /* ShowChoreDetail.swift */,
				756EA3232B67B2D80078BD49 /* AddChoreButton.swift */,
				7553EFBA2B66423000B004B8 /* Assets.xcassets */,
				7553EFBC2B66423000B004B8 /* Preview Content */,
				753B8F772B6C92170010B985 /* ChoreModel.xcdatamodeld */,
			);
			path = Chores;
			sourceTree = "<group>";
		};
		7553EFBC2B66423000B004B8 /* Preview Content */ = {
			isa = PBXGroup;
			children = (
				7553EFBD2B66423000B004B8 /* Preview Assets.xcassets */,
			);
			path = "Preview Content";
			sourceTree = "<group>";
		};
		7553EFC62B66423000B004B8 /* ChoresTests */ = {
			isa = PBXGroup;
			children = (
				7553EFC72B66423000B004B8 /* ChoresTests.swift */,
			);
			path = ChoresTests;
			sourceTree = "<group>";
		};
		7553EFD02B66423000B004B8 /* ChoresUITests */ = {
			isa = PBXGroup;
			children = (
				7553EFD12B66423000B004B8 /* ChoresUITests.swift */,
				7553EFD32B66423000B004B8 /* ChoresUITestsLaunchTests.swift */,
			);
			path = ChoresUITests;
			sourceTree = "<group>";
		};
/* End PBXGroup section */

/* Begin PBXNativeTarget section */
		7553EFB22B66422F00B004B8 /* Chores */ = {
			isa = PBXNativeTarget;
			buildConfigurationList = 7553EFD72B66423000B004B8 /* Build configuration list for PBXNativeTarget "Chores" */;
			buildPhases = (
				7553EFAF2B66422F00B004B8 /* Sources */,
				7553EFB02B66422F00B004B8 /* Frameworks */,
				7553EFB12B66422F00B004B8 /* Resources */,
			);
			buildRules = (
			);
			dependencies = (
			);
			name = Chores;
			productName = Chores;
			productReference = 7553EFB32B66422F00B004B8 /* Chores.app */;
			productType = "com.apple.product-type.application";
		};
		7553EFC22B66423000B004B8 /* ChoresTests */ = {
			isa = PBXNativeTarget;
			buildConfigurationList = 7553EFDA2B66423000B004B8 /* Build configuration list for PBXNativeTarget "ChoresTests" */;
			buildPhases = (
				7553EFBF2B66423000B004B8 /* Sources */,
				7553EFC02B66423000B004B8 /* Frameworks */,
				7553EFC12B66423000B004B8 /* Resources */,
			);
			buildRules = (
			);
			dependencies = (
				7553EFC52B66423000B004B8 /* PBXTargetDependency */,
			);
			name = ChoresTests;
			productName = ChoresTests;
			productReference = 7553EFC32B66423000B004B8 /* ChoresTests.xctest */;
			productType = "com.apple.product-type.bundle.unit-test";
		};
		7553EFCC2B66423000B004B8 /* ChoresUITests */ = {
			isa = PBXNativeTarget;
			buildConfigurationList = 7553EFDD2B66423000B004B8 /* Build configuration list for PBXNativeTarget "ChoresUITests" */;
			buildPhases = (
				7553EFC92B66423000B004B8 /* Sources */,
				7553EFCA2B66423000B004B8 /* Frameworks */,
				7553EFCB2B66423000B004B8 /* Resources */,
			);
			buildRules = (
			);
			dependencies = (
				7553EFCF2B66423000B004B8 /* PBXTargetDependency */,
			);
			name = ChoresUITests;
			productName = ChoresUITests;
			productReference = 7553EFCD2B66423000B004B8 /* ChoresUITests.xctest */;
			productType = "com.apple.product-type.bundle.ui-testing";
		};
/* End PBXNativeTarget section */

/* Begin PBXProject section */
		7553EFAB2B66422F00B004B8 /* Project object */ = {
			isa = PBXProject;
			attributes = {
				BuildIndependentTargetsInParallel = 1;
				LastSwiftUpdateCheck = 1500;
				LastUpgradeCheck = 1500;
				TargetAttributes = {
					7553EFB22B66422F00B004B8 = {
						CreatedOnToolsVersion = 15.0;
					};
					7553EFC22B66423000B004B8 = {
						CreatedOnToolsVersion = 15.0;
						TestTargetID = 7553EFB22B66422F00B004B8;
					};
					7553EFCC2B66423000B004B8 = {
						CreatedOnToolsVersion = 15.0;
						TestTargetID = 7553EFB22B66422F00B004B8;
					};
				};
			};
			buildConfigurationList = 7553EFAE2B66422F00B004B8 /* Build configuration list for PBXProject "Chores" */;
			compatibilityVersion = "Xcode 14.0";
			developmentRegion = en;
			hasScannedForEncodings = 0;
			knownRegions = (
				en,
				Base,
			);
			mainGroup = 7553EFAA2B66422F00B004B8;
			productRefGroup = 7553EFB42B66422F00B004B8 /* Products */;
			projectDirPath = "";
			projectRoot = "";
			targets = (
				7553EFB22B66422F00B004B8 /* Chores */,
				7553EFC22B66423000B004B8 /* ChoresTests */,
				7553EFCC2B66423000B004B8 /* ChoresUITests */,
			);
		};
/* End PBXProject section */

/* Begin PBXResourcesBuildPhase section */
		7553EFB12B66422F00B004B8 /* Resources */ = {
			isa = PBXResourcesBuildPhase;
			buildActionMask = 2147483647;
			files = (
				7553EFBE2B66423000B004B8 /* Preview Assets.xcassets in Resources */,
				7553EFBB2B66423000B004B8 /* Assets.xcassets in Resources */,
			);
			runOnlyForDeploymentPostprocessing = 0;
		};
		7553EFC12B66423000B004B8 /* Resources */ = {
			isa = PBXResourcesBuildPhase;
			buildActionMask = 2147483647;
			files = (
			);
			runOnlyForDeploymentPostprocessing = 0;
		};
		7553EFCB2B66423000B004B8 /* Resources */ = {
			isa = PBXResourcesBuildPhase;
			buildActionMask = 2147483647;
			files = (
			);
			runOnlyForDeploymentPostprocessing = 0;
		};
/* End PBXResourcesBuildPhase section */

/* Begin PBXSourcesBuildPhase section */
		7553EFAF2B66422F00B004B8 /* Sources */ = {
			isa = PBXSourcesBuildPhase;
			buildActionMask = 2147483647;
			files = (
				756EA3222B67B2800078BD49 /* Header.swift in Sources */,
				753B8F7D2B6C97560010B985 /* AddChoreDetails.swift in Sources */,
				756EA3242B67B2D80078BD49 /* AddChoreButton.swift in Sources */,
				756EA31E2B67B1D10078BD49 /* DisplayDate.swift in Sources */,
				756EA31C2B67B18E0078BD49 /* ShowChoreDetail.swift in Sources */,
				7553EFB92B66422F00B004B8 /* ContentView.swift in Sources */,
				753B8F7B2B6C92EC0010B985 /* DataController.swift in Sources */,
				753B8F792B6C92170010B985 /* ChoreModel.xcdatamodeld in Sources */,
				7553EFB72B66422F00B004B8 /* ChoresApp.swift in Sources */,
			);
			runOnlyForDeploymentPostprocessing = 0;
		};
		7553EFBF2B66423000B004B8 /* Sources */ = {
			isa = PBXSourcesBuildPhase;
			buildActionMask = 2147483647;
			files = (
				7553EFC82B66423000B004B8 /* ChoresTests.swift in Sources */,
			);
			runOnlyForDeploymentPostprocessing = 0;
		};
		7553EFC92B66423000B004B8 /* Sources */ = {
			isa = PBXSourcesBuildPhase;
			buildActionMask = 2147483647;
			files = (
				7553EFD42B66423000B004B8 /* ChoresUITestsLaunchTests.swift in Sources */,
				7553EFD22B66423000B004B8 /* ChoresUITests.swift in Sources */,
			);
			runOnlyForDeploymentPostprocessing = 0;
		};
/* End PBXSourcesBuildPhase section */

/* Begin PBXTargetDependency section */
		7553EFC52B66423000B004B8 /* PBXTargetDependency */ = {
			isa = PBXTargetDependency;
			target = 7553EFB22B66422F00B004B8 /* Chores */;
			targetProxy = 7553EFC42B66423000B004B8 /* PBXContainerItemProxy */;
		};
		7553EFCF2B66423000B004B8 /* PBXTargetDependency */ = {
			isa = PBXTargetDependency;
			target = 7553EFB22B66422F00B004B8 /* Chores */;
			targetProxy = 7553EFCE2B66423000B004B8 /* PBXContainerItemProxy */;
		};
/* End PBXTargetDependency section */

/* Begin XCBuildConfiguration section */
		7553EFD52B66423000B004B8 /* Debug */ = {
			isa = XCBuildConfiguration;
			buildSettings = {
				ALWAYS_SEARCH_USER_PATHS = NO;
				ASSETCATALOG_COMPILER_GENERATE_SWIFT_ASSET_SYMBOL_EXTENSIONS = YES;
				CLANG_ANALYZER_NONNULL = YES;
				CLANG_ANALYZER_NUMBER_OBJECT_CONVERSION = YES_AGGRESSIVE;
				CLANG_CXX_LANGUAGE_STANDARD = "gnu++20";
				CLANG_ENABLE_MODULES = YES;
				CLANG_ENABLE_OBJC_ARC = YES;
				CLANG_ENABLE_OBJC_WEAK = YES;
				CLANG_WARN_BLOCK_CAPTURE_AUTORELEASING = YES;
				CLANG_WARN_BOOL_CONVERSION = YES;
				CLANG_WARN_COMMA = YES;
				CLANG_WARN_CONSTANT_CONVERSION = YES;
				CLANG_WARN_DEPRECATED_OBJC_IMPLEMENTATIONS = YES;
				CLANG_WARN_DIRECT_OBJC_ISA_USAGE = YES_ERROR;
				CLANG_WARN_DOCUMENTATION_COMMENTS = YES;
				CLANG_WARN_EMPTY_BODY = YES;
				CLANG_WARN_ENUM_CONVERSION = YES;
				CLANG_WARN_INFINITE_RECURSION = YES;
				CLANG_WARN_INT_CONVERSION = YES;
				CLANG_WARN_NON_LITERAL_NULL_CONVERSION = YES;
				CLANG_WARN_OBJC_IMPLICIT_RETAIN_SELF = YES;
				CLANG_WARN_OBJC_LITERAL_CONVERSION = YES;
				CLANG_WARN_OBJC_ROOT_CLASS = YES_ERROR;
				CLANG_WARN_QUOTED_INCLUDE_IN_FRAMEWORK_HEADER = YES;
				CLANG_WARN_RANGE_LOOP_ANALYSIS = YES;
				CLANG_WARN_STRICT_PROTOTYPES = YES;
				CLANG_WARN_SUSPICIOUS_MOVE = YES;
				CLANG_WARN_UNGUARDED_AVAILABILITY = YES_AGGRESSIVE;
				CLANG_WARN_UNREACHABLE_CODE = YES;
				CLANG_WARN__DUPLICATE_METHOD_MATCH = YES;
				COPY_PHASE_STRIP = NO;
				DEBUG_INFORMATION_FORMAT = dwarf;
				ENABLE_STRICT_OBJC_MSGSEND = YES;
				ENABLE_TESTABILITY = YES;
				ENABLE_USER_SCRIPT_SANDBOXING = YES;
				GCC_C_LANGUAGE_STANDARD = gnu17;
				GCC_DYNAMIC_NO_PIC = NO;
				GCC_NO_COMMON_BLOCKS = YES;
				GCC_OPTIMIZATION_LEVEL = 0;
				GCC_PREPROCESSOR_DEFINITIONS = (
					"DEBUG=1",
					"$(inherited)",
				);
				GCC_WARN_64_TO_32_BIT_CONVERSION = YES;
				GCC_WARN_ABOUT_RETURN_TYPE = YES_ERROR;
				GCC_WARN_UNDECLARED_SELECTOR = YES;
				GCC_WARN_UNINITIALIZED_AUTOS = YES_AGGRESSIVE;
				GCC_WARN_UNUSED_FUNCTION = YES;
				GCC_WARN_UNUSED_VARIABLE = YES;
				IPHONEOS_DEPLOYMENT_TARGET = 17.0;
				LOCALIZATION_PREFERS_STRING_CATALOGS = YES;
				MTL_ENABLE_DEBUG_INFO = INCLUDE_SOURCE;
				MTL_FAST_MATH = YES;
				ONLY_ACTIVE_ARCH = YES;
				SDKROOT = iphoneos;
				SWIFT_ACTIVE_COMPILATION_CONDITIONS = "DEBUG $(inherited)";
				SWIFT_OPTIMIZATION_LEVEL = "-Onone";
			};
			name = Debug;
		};
		7553EFD62B66423000B004B8 /* Release */ = {
			isa = XCBuildConfiguration;
			buildSettings = {
				ALWAYS_SEARCH_USER_PATHS = NO;
				ASSETCATALOG_COMPILER_GENERATE_SWIFT_ASSET_SYMBOL_EXTENSIONS = YES;
				CLANG_ANALYZER_NONNULL = YES;
				CLANG_ANALYZER_NUMBER_OBJECT_CONVERSION = YES_AGGRESSIVE;
				CLANG_CXX_LANGUAGE_STANDARD = "gnu++20";
				CLANG_ENABLE_MODULES = YES;
				CLANG_ENABLE_OBJC_ARC = YES;
				CLANG_ENABLE_OBJC_WEAK = YES;
				CLANG_WARN_BLOCK_CAPTURE_AUTORELEASING = YES;
				CLANG_WARN_BOOL_CONVERSION = YES;
				CLANG_WARN_COMMA = YES;
				CLANG_WARN_CONSTANT_CONVERSION = YES;
				CLANG_WARN_DEPRECATED_OBJC_IMPLEMENTATIONS = YES;
				CLANG_WARN_DIRECT_OBJC_ISA_USAGE = YES_ERROR;
				CLANG_WARN_DOCUMENTATION_COMMENTS = YES;
				CLANG_WARN_EMPTY_BODY = YES;
				CLANG_WARN_ENUM_CONVERSION = YES;
				CLANG_WARN_INFINITE_RECURSION = YES;
				CLANG_WARN_INT_CONVERSION = YES;
				CLANG_WARN_NON_LITERAL_NULL_CONVERSION = YES;
				CLANG_WARN_OBJC_IMPLICIT_RETAIN_SELF = YES;
				CLANG_WARN_OBJC_LITERAL_CONVERSION = YES;
				CLANG_WARN_OBJC_ROOT_CLASS = YES_ERROR;
				CLANG_WARN_QUOTED_INCLUDE_IN_FRAMEWORK_HEADER = YES;
				CLANG_WARN_RANGE_LOOP_ANALYSIS = YES;
				CLANG_WARN_STRICT_PROTOTYPES = YES;
				CLANG_WARN_SUSPICIOUS_MOVE = YES;
				CLANG_WARN_UNGUARDED_AVAILABILITY = YES_AGGRESSIVE;
				CLANG_WARN_UNREACHABLE_CODE = YES;
				CLANG_WARN__DUPLICATE_METHOD_MATCH = YES;
				COPY_PHASE_STRIP = NO;
				DEBUG_INFORMATION_FORMAT = "dwarf-with-dsym";
				ENABLE_NS_ASSERTIONS = NO;
				ENABLE_STRICT_OBJC_MSGSEND = YES;
				ENABLE_USER_SCRIPT_SANDBOXING = YES;
				GCC_C_LANGUAGE_STANDARD = gnu17;
				GCC_NO_COMMON_BLOCKS = YES;
				GCC_WARN_64_TO_32_BIT_CONVERSION = YES;
				GCC_WARN_ABOUT_RETURN_TYPE = YES_ERROR;
				GCC_WARN_UNDECLARED_SELECTOR = YES;
				GCC_WARN_UNINITIALIZED_AUTOS = YES_AGGRESSIVE;
				GCC_WARN_UNUSED_FUNCTION = YES;
				GCC_WARN_UNUSED_VARIABLE = YES;
				IPHONEOS_DEPLOYMENT_TARGET = 17.0;
				LOCALIZATION_PREFERS_STRING_CATALOGS = YES;
				MTL_ENABLE_DEBUG_INFO = NO;
				MTL_FAST_MATH = YES;
				SDKROOT = iphoneos;
				SWIFT_COMPILATION_MODE = wholemodule;
				VALIDATE_PRODUCT = YES;
			};
			name = Release;
		};
		7553EFD82B66423000B004B8 /* Debug */ = {
			isa = XCBuildConfiguration;
			buildSettings = {
				ASSETCATALOG_COMPILER_APPICON_NAME = AppIcon;
				ASSETCATALOG_COMPILER_GLOBAL_ACCENT_COLOR_NAME = AccentColor;
				CODE_SIGN_STYLE = Automatic;
				CURRENT_PROJECT_VERSION = 1;
				DEVELOPMENT_ASSET_PATHS = "\"Chores/Preview Content\"";
				ENABLE_PREVIEWS = YES;
				GENERATE_INFOPLIST_FILE = YES;
				INFOPLIST_KEY_UIApplicationSceneManifest_Generation = YES;
				INFOPLIST_KEY_UIApplicationSupportsIndirectInputEvents = YES;
				INFOPLIST_KEY_UILaunchScreen_Generation = YES;
				INFOPLIST_KEY_UISupportedInterfaceOrientations_iPad = "UIInterfaceOrientationPortrait UIInterfaceOrientationPortraitUpsideDown UIInterfaceOrientationLandscapeLeft UIInterfaceOrientationLandscapeRight";
				INFOPLIST_KEY_UISupportedInterfaceOrientations_iPhone = "UIInterfaceOrientationPortrait UIInterfaceOrientationLandscapeLeft UIInterfaceOrientationLandscapeRight";
				LD_RUNPATH_SEARCH_PATHS = (
					"$(inherited)",
					"@executable_path/Frameworks",
				);
				MARKETING_VERSION = 1.0;
				PRODUCT_BUNDLE_IDENTIFIER = None.Chores;
				PRODUCT_NAME = "$(TARGET_NAME)";
				SWIFT_EMIT_LOC_STRINGS = YES;
				SWIFT_VERSION = 5.0;
				TARGETED_DEVICE_FAMILY = "1,2";
			};
			name = Debug;
		};
		7553EFD92B66423000B004B8 /* Release */ = {
			isa = XCBuildConfiguration;
			buildSettings = {
				ASSETCATALOG_COMPILER_APPICON_NAME = AppIcon;
				ASSETCATALOG_COMPILER_GLOBAL_ACCENT_COLOR_NAME = AccentColor;
				CODE_SIGN_STYLE = Automatic;
				CURRENT_PROJECT_VERSION = 1;
				DEVELOPMENT_ASSET_PATHS = "\"Chores/Preview Content\"";
				ENABLE_PREVIEWS = YES;
				GENERATE_INFOPLIST_FILE = YES;
				INFOPLIST_KEY_UIApplicationSceneManifest_Generation = YES;
				INFOPLIST_KEY_UIApplicationSupportsIndirectInputEvents = YES;
				INFOPLIST_KEY_UILaunchScreen_Generation = YES;
				INFOPLIST_KEY_UISupportedInterfaceOrientations_iPad = "UIInterfaceOrientationPortrait UIInterfaceOrientationPortraitUpsideDown UIInterfaceOrientationLandscapeLeft UIInterfaceOrientationLandscapeRight";
				INFOPLIST_KEY_UISupportedInterfaceOrientations_iPhone = "UIInterfaceOrientationPortrait UIInterfaceOrientationLandscapeLeft UIInterfaceOrientationLandscapeRight";
				LD_RUNPATH_SEARCH_PATHS = (
					"$(inherited)",
					"@executable_path/Frameworks",
				);
				MARKETING_VERSION = 1.0;
				PRODUCT_BUNDLE_IDENTIFIER = None.Chores;
				PRODUCT_NAME = "$(TARGET_NAME)";
				SWIFT_EMIT_LOC_STRINGS = YES;
				SWIFT_VERSION = 5.0;
				TARGETED_DEVICE_FAMILY = "1,2";
			};
			name = Release;
		};
		7553EFDB2B66423000B004B8 /* Debug */ = {
			isa = XCBuildConfiguration;
			buildSettings = {
				ALWAYS_EMBED_SWIFT_STANDARD_LIBRARIES = YES;
				BUNDLE_LOADER = "$(TEST_HOST)";
				CODE_SIGN_STYLE = Automatic;
				CURRENT_PROJECT_VERSION = 1;
				GENERATE_INFOPLIST_FILE = YES;
				IPHONEOS_DEPLOYMENT_TARGET = 17.0;
				MARKETING_VERSION = 1.0;
				PRODUCT_BUNDLE_IDENTIFIER = None.ChoresTests;
				PRODUCT_NAME = "$(TARGET_NAME)";
				SWIFT_EMIT_LOC_STRINGS = NO;
				SWIFT_VERSION = 5.0;
				TARGETED_DEVICE_FAMILY = "1,2";
				TEST_HOST = "$(BUILT_PRODUCTS_DIR)/Chores.app/$(BUNDLE_EXECUTABLE_FOLDER_PATH)/Chores";
			};
			name = Debug;
		};
		7553EFDC2B66423000B004B8 /* Release */ = {
			isa = XCBuildConfiguration;
			buildSettings = {
				ALWAYS_EMBED_SWIFT_STANDARD_LIBRARIES = YES;
				BUNDLE_LOADER = "$(TEST_HOST)";
				CODE_SIGN_STYLE = Automatic;
				CURRENT_PROJECT_VERSION = 1;
				GENERATE_INFOPLIST_FILE = YES;
				IPHONEOS_DEPLOYMENT_TARGET = 17.0;
				MARKETING_VERSION = 1.0;
				PRODUCT_BUNDLE_IDENTIFIER = None.ChoresTests;
				PRODUCT_NAME = "$(TARGET_NAME)";
				SWIFT_EMIT_LOC_STRINGS = NO;
				SWIFT_VERSION = 5.0;
				TARGETED_DEVICE_FAMILY = "1,2";
				TEST_HOST = "$(BUILT_PRODUCTS_DIR)/Chores.app/$(BUNDLE_EXECUTABLE_FOLDER_PATH)/Chores";
			};
			name = Release;
		};
		7553EFDE2B66423000B004B8 /* Debug */ = {
			isa = XCBuildConfiguration;
			buildSettings = {
				ALWAYS_EMBED_SWIFT_STANDARD_LIBRARIES = YES;
				CODE_SIGN_STYLE = Automatic;
				CURRENT_PROJECT_VERSION = 1;
				GENERATE_INFOPLIST_FILE = YES;
				MARKETING_VERSION = 1.0;
				PRODUCT_BUNDLE_IDENTIFIER = None.ChoresUITests;
				PRODUCT_NAME = "$(TARGET_NAME)";
				SWIFT_EMIT_LOC_STRINGS = NO;
				SWIFT_VERSION = 5.0;
				TARGETED_DEVICE_FAMILY = "1,2";
				TEST_TARGET_NAME = Chores;
			};
			name = Debug;
		};
		7553EFDF2B66423000B004B8 /* Release */ = {
			isa = XCBuildConfiguration;
			buildSettings = {
				ALWAYS_EMBED_SWIFT_STANDARD_LIBRARIES = YES;
				CODE_SIGN_STYLE = Automatic;
				CURRENT_PROJECT_VERSION = 1;
				GENERATE_INFOPLIST_FILE = YES;
				MARKETING_VERSION = 1.0;
				PRODUCT_BUNDLE_IDENTIFIER = None.ChoresUITests;
				PRODUCT_NAME = "$(TARGET_NAME)";
				SWIFT_EMIT_LOC_STRINGS = NO;
				SWIFT_VERSION = 5.0;
				TARGETED_DEVICE_FAMILY = "1,2";
				TEST_TARGET_NAME = Chores;
			};
			name = Release;
		};
/* End XCBuildConfiguration section */

/* Begin XCConfigurationList section */
		7553EFAE2B66422F00B004B8 /* Build configuration list for PBXProject "Chores" */ = {
			isa = XCConfigurationList;
			buildConfigurations = (
				7553EFD52B66423000B004B8 /* Debug */,
				7553EFD62B66423000B004B8 /* Release */,
			);
			defaultConfigurationIsVisible = 0;
			defaultConfigurationName = Release;
		};
		7553EFD72B66423000B004B8 /* Build configuration list for PBXNativeTarget "Chores" */ = {
			isa = XCConfigurationList;
			buildConfigurations = (
				7553EFD82B66423000B004B8 /* Debug */,
				7553EFD92B66423000B004B8 /* Release */,
			);
			defaultConfigurationIsVisible = 0;
			defaultConfigurationName = Release;
		};
		7553EFDA2B66423000B004B8 /* Build configuration list for PBXNativeTarget "ChoresTests" */ = {
			isa = XCConfigurationList;
			buildConfigurations = (
				7553EFDB2B66423000B004B8 /* Debug */,
				7553EFDC2B66423000B004B8 /* Release */,
			);
			defaultConfigurationIsVisible = 0;
			defaultConfigurationName = Release;
		};
		7553EFDD2B66423000B004B8 /* Build configuration list for PBXNativeTarget "ChoresUITests" */ = {
			isa = XCConfigurationList;
			buildConfigurations = (
				7553EFDE2B66423000B004B8 /* Debug */,
				7553EFDF2B66423000B004B8 /* Release */,
			);
			defaultConfigurationIsVisible = 0;
			defaultConfigurationName = Release;
		};
/* End XCConfigurationList section */

/* Begin XCVersionGroup section */
		753B8F772B6C92170010B985 /* ChoreModel.xcdatamodeld */ = {
			isa = XCVersionGroup;
			children = (
				753B8F782B6C92170010B985 /* ChoreModel.xcdatamodel */,
			);
			currentVersion = 753B8F782B6C92170010B985 /* ChoreModel.xcdatamodel */;
			path = ChoreModel.xcdatamodeld;
			sourceTree = "<group>";
			versionGroupType = wrapper.xcdatamodel;
		};
/* End XCVersionGroup section */
	};
	rootObject = 7553EFAB2B66422F00B004B8 /* Project object */;
}
